Microsoft Visual Studio Solution File, Format Version 11.00
# Visual Studio 2008

Project("{12A52258-4E0E-6645-BDBD-6049B3EBE1B0}") = "FlappyBird3D", "Assembly-CSharp.csproj", "{92A3CFB9-025F-F52C-7697-6C6399396B4F}"
EndProject
Global
	GlobalSection(SolutionConfigurationPlatforms) = preSolution
		Debug|Any CPU = Debug|Any CPU
		Release|Any CPU = Release|Any CPU
	EndGlobalSection
	GlobalSection(ProjectConfigurationPlatforms) = postSolution
		{92A3CFB9-025F-F52C-7697-6C6399396B4F}.Debug|Any CPU.ActiveCfg = Debug|Any CPU
		{92A3CFB9-025F-F52C-7697-6C6399396B4F}.Debug|Any CPU.Build.0 = Debug|Any CPU
		{92A3CFB9-025F-F52C-7697-6C6399396B4F}.Release|Any CPU.ActiveCfg = Release|Any CPU
		{92A3CFB9-025F-F52C-7697-6C6399396B4F}.Release|Any CPU.Build.0 = Release|Any CPU
	EndGlobalSection
	GlobalSection(SolutionProperties) = preSolution
		HideSolutionNode = FALSE
	EndGlobalSection
	GlobalSection(MonoDevelopProperties) = preSolution
		StartupItem = Assembly-CSharp.csproj
	EndGlobalSection
EndGlobal
