// !$*UTF8*$!
{
	archiveVersion = 1;
	classes = {
	};
	objectVersion = 46;
	objects = {

/* Begin PBXBuildFile section */
		025842218F38A683BF3FE562 /* CardboardAppController.mm in Sources */ = {isa = PBXBuildFile; fileRef = 2F784FFC85CD7B8A2B06B2E2 /* CardboardAppController.mm */; };
		02CC4D06A2520699350D01E5 /* LaunchScreen-iPad.png in Resources */ = {isa = PBXBuildFile; fileRef = FFD14A48AEE63083B4EF8AE3 /* LaunchScreen-iPad.png */; };
		03F528631B447098000F4FB8 /* Il2CppOptions.cpp in Sources */ = {isa = PBXBuildFile; fileRef = 03F528621B447098000F4FB8 /* Il2CppOptions.cpp */; };
		055242498AAC1D301A0940B2 /* Bulk_mscorlib_0.cpp in Sources */ = {isa = PBXBuildFile; fileRef = 10E04110B3ED3F797AA697BB /* Bulk_mscorlib_0.cpp */; };
		08B24F76137BFDFA00FBA309 /* iAd.framework in Frameworks */ = {isa = PBXBuildFile; fileRef = 08B24F75137BFDFA00FBA309 /* iAd.framework */; settings = {ATTRIBUTES = (Weak, ); }; };
		0B594C5A82A8A697332BDAA3 /* Bulk_System_1.cpp in Sources */ = {isa = PBXBuildFile; fileRef = 11AA4F438916ADA92381756A /* Bulk_System_1.cpp */; };
		175B4E34AD608F61214DDB26 /* Bulk_mscorlib_7.cpp in Sources */ = {isa = PBXBuildFile; fileRef = 117A4DDCBCC6A5455119F7F6 /* Bulk_mscorlib_7.cpp */; };
		183E4ADE836D38E8AEC3E907 /* libVuforiaUnityPlayer.a in Frameworks */ = {isa = PBXBuildFile; fileRef = 331F43979BB9DE202CFF35E4 /* libVuforiaUnityPlayer.a */; };
		1859EA9B19214E7B0022C3D3 /* MetalHelper.mm in Sources */ = {isa = PBXBuildFile; fileRef = 1859EA9A19214E7B0022C3D3 /* MetalHelper.mm */; };
		1D60589F0D05DD5A006BFB54 /* Foundation.framework in Frameworks */ = {isa = PBXBuildFile; fileRef = 1D30AB110D05D00D00671497 /* Foundation.framework */; };
		250D4C5FA860D6A9F77FE221 /* Bulk_Vuforia.UnityExtensions_1.cpp in Sources */ = {isa = PBXBuildFile; fileRef = E86F4FF995785F83F76803CB /* Bulk_Vuforia.UnityExtensions_1.cpp */; };
		29B5447295EA3C008B962805 /* Bulk_Vuforia.UnityExtensions_0.cpp in Sources */ = {isa = PBXBuildFile; fileRef = E33D416F9E6E8198BE055F9C /* Bulk_Vuforia.UnityExtensions_0.cpp */; };
		2DD64F13ACB250D519509E66 /* Bulk_Generics_2.cpp in Sources */ = {isa = PBXBuildFile; fileRef = 74FB40379C4BCC97AD1BBFB2 /* Bulk_Generics_2.cpp */; };
		2E5E46E1A195487FE7F28C9D /* GenericMethods0.cpp in Sources */ = {isa = PBXBuildFile; fileRef = B7BC4681A683D236C9CADD86 /* GenericMethods0.cpp */; };
		3D4F44C3BD176F98B418477A /* Il2CppMethodReferences.cpp in Sources */ = {isa = PBXBuildFile; fileRef = 166842DC875637D5FA00FCCC /* Il2CppMethodReferences.cpp */; };
		40324B57B5EFE4CBDE7153F7 /* Bulk_mscorlib_2.cpp in Sources */ = {isa = PBXBuildFile; fileRef = 39814E5EB9F6F1DD02B1A6B0 /* Bulk_mscorlib_2.cpp */; };
		41CB4F8CABE7119A3C9CE644 /* Bulk_Vuforia.UnityExtensions_2.cpp in Sources */ = {isa = PBXBuildFile; fileRef = 2E7B4C71882033B55D4FD950 /* Bulk_Vuforia.UnityExtensions_2.cpp */; };
		453944D9887131C4FE6D2FA1 /* GoogleKitHUD.bundle in Resources */ = {isa = PBXBuildFile; fileRef = BFF943E9A0E5DA9D145A577D /* GoogleKitHUD.bundle */; };
		4A9D469E88F57054D98B4F43 /* Bulk_System_0.cpp in Sources */ = {isa = PBXBuildFile; fileRef = CC6745B1BA70618AD8673D00 /* Bulk_System_0.cpp */; };
		5623C57617FDCB0800090B9E /* Foundation.framework in Frameworks */ = {isa = PBXBuildFile; fileRef = 1D30AB110D05D00D00671497 /* Foundation.framework */; };
		5623C57717FDCB0800090B9E /* UIKit.framework in Frameworks */ = {isa = PBXBuildFile; fileRef = 830B5C100E5ED4C100C7819F /* UIKit.framework */; };
		5623C57D17FDCB0900090B9E = {isa = PBXBuildFile; fileRef = 5623C57B17FDCB0900090B9E /* InfoPlist.strings */; };
		5623C57F17FDCB0900090B9E /* Unity_iPhone_Tests.m in Sources */ = {isa = PBXBuildFile; fileRef = 5623C57E17FDCB0900090B9E /* Unity_iPhone_Tests.m */; };
		5682F4B20F3B34FF007A219C /* MediaPlayer.framework in Frameworks */ = {isa = PBXBuildFile; fileRef = 5682F4B10F3B34FF007A219C /* MediaPlayer.framework */; };
		5692F3DD0FA9D8E500EBA2F1 /* CoreLocation.framework in Frameworks */ = {isa = PBXBuildFile; fileRef = 5692F3DC0FA9D8E500EBA2F1 /* CoreLocation.framework */; };
		56B7959B1442E0F20026B3DD /* CoreGraphics.framework in Frameworks */ = {isa = PBXBuildFile; fileRef = 56B7959A1442E0F20026B3DD /* CoreGraphics.framework */; };
		56B7960F1442E1770026B3DD /* CoreMotion.framework in Frameworks */ = {isa = PBXBuildFile; fileRef = 56B795C11442E1100026B3DD /* CoreMotion.framework */; settings = {ATTRIBUTES = (Weak, ); }; };
		56BCBA390FCF049A0030C3B2 /* SystemConfiguration.framework in Frameworks */ = {isa = PBXBuildFile; fileRef = 56BCBA380FCF049A0030C3B2 /* SystemConfiguration.framework */; };
		56C56C9817D6015200616839 /* Images.xcassets in Resources */ = {isa = PBXBuildFile; fileRef = 56C56C9717D6015100616839 /* Images.xcassets */; };
		56DBF99D15E3CDC9007A4A8D /* iPhone_Sensors.mm in Sources */ = {isa = PBXBuildFile; fileRef = 56DBF99C15E3CDC9007A4A8D /* iPhone_Sensors.mm */; };
		56FD43960ED4745200FE3770 /* CFNetwork.framework in Frameworks */ = {isa = PBXBuildFile; fileRef = 56FD43950ED4745200FE3770 /* CFNetwork.framework */; };
		5A0E4C679621027CC41FAC89 /* VuforiaNativeRendererController.mm in Sources */ = {isa = PBXBuildFile; fileRef = 54504D93BD755E6BD81050D3 /* VuforiaNativeRendererController.mm */; };
		5D5B42AB9BCA61A9372DB9EB /* Bulk_UnityEngine.UI_1.cpp in Sources */ = {isa = PBXBuildFile; fileRef = 871E4EE6B3A6B82212D94DDD /* Bulk_UnityEngine.UI_1.cpp */; };
		61674C09BDA373EB59A6212B /* Il2CppInvokerTable.cpp in Sources */ = {isa = PBXBuildFile; fileRef = 043A4924B422A2FD98BEA149 /* Il2CppInvokerTable.cpp */; };
		65EA43D086F2BC53BE52C783 /* Bulk_mscorlib_3.cpp in Sources */ = {isa = PBXBuildFile; fileRef = 451D4EA19F3D71561E77860D /* Bulk_mscorlib_3.cpp */; };
		674648868D7207FEC700426F /* Bulk_Generics_3.cpp in Sources */ = {isa = PBXBuildFile; fileRef = 342C45689E1A87395320BD34 /* Bulk_Generics_3.cpp */; };
		6A2E4411A61F7BD2B2BA31C6 /* Bulk_mscorlib_5.cpp in Sources */ = {isa = PBXBuildFile; fileRef = B01C43E391C2CA383130D4E8 /* Bulk_mscorlib_5.cpp */; };
		70F34F7E8A9572E9EBA06314 /* LaunchScreen-iPhone.xib in Resources */ = {isa = PBXBuildFile; fileRef = 2D6E4D5B8E7D1901A4B153FD /* LaunchScreen-iPhone.xib */; };
		718A4FB5AC8758B2A6698D42 /* Bulk_UnityEngine_3.cpp in Sources */ = {isa = PBXBuildFile; fileRef = 9DFD42F39F5F211BF710D6B5 /* Bulk_UnityEngine_3.cpp */; };
		724E4E64819D6EAC7AFCA859 /* Il2CppCodeRegistration.cpp in Sources */ = {isa = PBXBuildFile; fileRef = 440E4F7E9B079823656C9BAC /* Il2CppCodeRegistration.cpp */; };
		72914479B2F58C721199425B /* UnityICallRegistration.cpp in Sources */ = {isa = PBXBuildFile; fileRef = 51D64D889C645AF70921B1B2 /* UnityICallRegistration.cpp */; };
		79834E1789486EE13E096B7E /* Bulk_mscorlib_6.cpp in Sources */ = {isa = PBXBuildFile; fileRef = 052348F599799ED95C77C8FB /* Bulk_mscorlib_6.cpp */; };
		79F6447AADA896AFDC656291 /* Il2CppGenericInstDefinitions.cpp in Sources */ = {isa = PBXBuildFile; fileRef = 7D6C455F97F77E79E33E00D1 /* Il2CppGenericInstDefinitions.cpp */; };
		7BC7460EBBF6E3FD598A0243 /* Bulk_UnityEngine.UI_0.cpp in Sources */ = {isa = PBXBuildFile; fileRef = 53AF45C0956C882008A0CD5F /* Bulk_UnityEngine.UI_0.cpp */; };
		7C3C48228A68A75BB9E12D4D /* Bulk_Generics_8.cpp in Sources */ = {isa = PBXBuildFile; fileRef = 83A1418EABA34E9A5FC8064C /* Bulk_Generics_8.cpp */; };
		7F36C11113C5C673007FBDD9 /* CoreMedia.framework in Frameworks */ = {isa = PBXBuildFile; fileRef = 7F36C10E13C5C673007FBDD9 /* CoreMedia.framework */; };
		7F36C11213C5C673007FBDD9 /* CoreVideo.framework in Frameworks */ = {isa = PBXBuildFile; fileRef = 7F36C10F13C5C673007FBDD9 /* CoreVideo.framework */; };
		7F36C11313C5C673007FBDD9 /* AVFoundation.framework in Frameworks */ = {isa = PBXBuildFile; fileRef = 7F36C11013C5C673007FBDD9 /* AVFoundation.framework */; settings = {ATTRIBUTES = (Weak, ); }; };
		805F4AB5A30400BAF090A065 /* GenericMethods1.cpp in Sources */ = {isa = PBXBuildFile; fileRef = 3A5B412C9A99A75FAEDF24ED /* GenericMethods1.cpp */; };
		81E64D49B32D733584EE64AF /* Bulk_mscorlib_1.cpp in Sources */ = {isa = PBXBuildFile; fileRef = DC5D499995C112F5A3EF1AD1 /* Bulk_mscorlib_1.cpp */; };
		830B5C110E5ED4C100C7819F /* UIKit.framework in Frameworks */ = {isa = PBXBuildFile; fileRef = 830B5C100E5ED4C100C7819F /* UIKit.framework */; };
		8358D1B80ED1CC3700E3A684 /* AudioToolbox.framework in Frameworks */ = {isa = PBXBuildFile; fileRef = 8358D1B70ED1CC3700E3A684 /* AudioToolbox.framework */; };
		83B256E20E62FEA000468741 /* OpenGLES.framework in Frameworks */ = {isa = PBXBuildFile; fileRef = 83B256E10E62FEA000468741 /* OpenGLES.framework */; };
		83B2570B0E62FF8A00468741 /* QuartzCore.framework in Frameworks */ = {isa = PBXBuildFile; fileRef = 83B2570A0E62FF8A00468741 /* QuartzCore.framework */; };
		83B2574C0E63022200468741 /* OpenAL.framework in Frameworks */ = {isa = PBXBuildFile; fileRef = 83B2574B0E63022200468741 /* OpenAL.framework */; };
		83B2574F0E63025400468741 /* libiconv.2.dylib in Frameworks */ = {isa = PBXBuildFile; fileRef = 83B2574E0E63025400468741 /* libiconv.2.dylib */; };
		851749CD83486241A0026E9F /* libvrunity.a in Frameworks */ = {isa = PBXBuildFile; fileRef = B91E4772BCED4551DA962374 /* libvrunity.a */; };
		882748D99B1FFFAE1BC1599E /* MaterialTypography.bundle in Resources */ = {isa = PBXBuildFile; fileRef = 8A5A47BA8145183B7A06A9E7 /* MaterialTypography.bundle */; };
		8A07E1061715A5AB000EDC6F /* iAD.mm in Sources */ = {isa = PBXBuildFile; fileRef = 8A07E1051715A5AB000EDC6F /* iAD.mm */; };
		8A0FED491649699200E9727D /* EAGLContextHelper.mm in Sources */ = {isa = PBXBuildFile; fileRef = 8A0FED481649699200E9727D /* EAGLContextHelper.mm */; };
		8A142DC61636943E00DD87CA /* Keyboard.mm in Sources */ = {isa = PBXBuildFile; fileRef = 8A142DC51636943E00DD87CA /* Keyboard.mm */; };
		8A16150C1A8E4362006FA788 /* FullScreenVideoPlayer.mm in Sources */ = {isa = PBXBuildFile; fileRef = 8A16150B1A8E4362006FA788 /* FullScreenVideoPlayer.mm */; };
		8A1FFFAD16512A9000DD0934 /* GlesHelper.mm in Sources */ = {isa = PBXBuildFile; fileRef = 8A1FFFAC16512A9000DD0934 /* GlesHelper.mm */; };
		8A25E6D218D767E20006A227 /* Filesystem.mm in Sources */ = {isa = PBXBuildFile; fileRef = 8A25E6D118D767E20006A227 /* Filesystem.mm */; };
		8A2AA93516E0978D001FB470 /* CMVideoSampling.mm in Sources */ = {isa = PBXBuildFile; fileRef = 8A2AA93416E0978D001FB470 /* CMVideoSampling.mm */; };
		8A367F5B16A6D36F0012ED11 /* CVTextureCache.mm in Sources */ = {isa = PBXBuildFile; fileRef = 8A367F5A16A6D36F0012ED11 /* CVTextureCache.mm */; };
		8A3EDDC81615B7C1001839E9 /* SplashScreen.mm in Sources */ = {isa = PBXBuildFile; fileRef = 8A3EDDC71615B7C1001839E9 /* SplashScreen.mm */; };
		8A4815C117A28E7F003FBFD5 /* UnityAppController+ViewHandling.mm in Sources */ = {isa = PBXBuildFile; fileRef = 8A4815C017A287D2003FBFD5 /* UnityAppController+ViewHandling.mm */; };
		8A5C1492174E662D0006EB36 /* RenderPluginDelegate.mm in Sources */ = {isa = PBXBuildFile; fileRef = 8A5C1491174E662D0006EB36 /* RenderPluginDelegate.mm */; };
		8A5E0B9116849D1800CBB6FE /* DisplayManager.mm in Sources */ = {isa = PBXBuildFile; fileRef = 8A5E0B9016849D1800CBB6FE /* DisplayManager.mm */; };
		8A6137141A10BCA200059EDF /* ObjCRuntime.mm in Sources */ = {isa = PBXBuildFile; fileRef = 8A6137131A10BCA200059EDF /* ObjCRuntime.mm */; };
		8A6720A519EEB905006C92E0 /* InternalProfiler.cpp in Sources */ = {isa = PBXBuildFile; fileRef = 8A6720A319EEB905006C92E0 /* InternalProfiler.cpp */; };
		8A7057D1171EA29600A1332D /* iAD_Scripting.mm in Sources */ = {isa = PBXBuildFile; fileRef = 8A7057D0171EA29600A1332D /* iAD_Scripting.mm */; };
		8A851BA716FB2F6D00E911DB /* UnityView.mm in Sources */ = {isa = PBXBuildFile; fileRef = 8A851BA616FB2F6D00E911DB /* UnityView.mm */; };
		8A851BAA16FB3AD000E911DB /* UnityAppController.mm in Sources */ = {isa = PBXBuildFile; fileRef = 8A851BA916FB3AD000E911DB /* UnityAppController.mm */; };
		8A8D90DA1A274A7800456C4E /* UnityAppController+UnityInterface.mm in Sources */ = {isa = PBXBuildFile; fileRef = 8A8D90D91A274A7800456C4E /* UnityAppController+UnityInterface.mm */; };
		8A9FCB131617295F00C05364 /* ActivityIndicator.mm in Sources */ = {isa = PBXBuildFile; fileRef = 8A9FCB121617295F00C05364 /* ActivityIndicator.mm */; };
		8AA568AE1827DD79004969C7 /* WWWConnection.mm in Sources */ = {isa = PBXBuildFile; fileRef = 8AA568AD1827DD79004969C7 /* WWWConnection.mm */; };
		8AA5D80217ABE9AF007B9910 /* UnityAppController+Rendering.mm in Sources */ = {isa = PBXBuildFile; fileRef = 8AA5D80117ABE9AF007B9910 /* UnityAppController+Rendering.mm */; };
		8AB3CB3E16D390BB00697AD5 /* VideoPlayer.mm in Sources */ = {isa = PBXBuildFile; fileRef = 8AB3CB3D16D390BB00697AD5 /* VideoPlayer.mm */; };
		8AC71EC419E7FBA90027502F /* OrientationSupport.mm in Sources */ = {isa = PBXBuildFile; fileRef = 8AC71EC319E7FBA90027502F /* OrientationSupport.mm */; };
		8AC74A9519B47FEF00019D38 /* AVCapture.mm in Sources */ = {isa = PBXBuildFile; fileRef = 8AC74A9419B47FEF00019D38 /* AVCapture.mm */; };
		8ACB801C177081D4005D0019 /* DeviceSettings.mm in Sources */ = {isa = PBXBuildFile; fileRef = 8ACB801B177081D4005D0019 /* DeviceSettings.mm */; };
		8ADCE38B19C87177006F04F6 /* CameraCapture.mm in Sources */ = {isa = PBXBuildFile; fileRef = 8ADCE38A19C87177006F04F6 /* CameraCapture.mm */; };
		8AF7755D1799329100341121 /* LifeCycleListener.mm in Sources */ = {isa = PBXBuildFile; fileRef = 8A292A9817992CE100409BA4 /* LifeCycleListener.mm */; };
		8AF7756017997D2700341121 /* AppDelegateListener.mm in Sources */ = {isa = PBXBuildFile; fileRef = 8AF7755F17997D1300341121 /* AppDelegateListener.mm */; };
		8CB54D7686D6622D3D021480 /* UnityClassRegistration.cpp in Sources */ = {isa = PBXBuildFile; fileRef = 1CB04CD1AE5E698FC1FA4BEC /* UnityClassRegistration.cpp */; };
		967D4B58987410025683B568 /* Bulk_Mono.Security_0.cpp in Sources */ = {isa = PBXBuildFile; fileRef = 8E6B4CDF8EF824FE8831CA83 /* Bulk_Mono.Security_0.cpp */; };
		96FF400090B6B3438C46BE23 /* Bulk_mscorlib_4.cpp in Sources */ = {isa = PBXBuildFile; fileRef = EBED49DD954C7C10BBBE010F /* Bulk_mscorlib_4.cpp */; };
		98714D4C8068CC5B7896B362 /* Bulk_Generics_0.cpp in Sources */ = {isa = PBXBuildFile; fileRef = 74194797B28267AA6359E2BC /* Bulk_Generics_0.cpp */; };
		999475201A7BC3AE00178130 /* UnityAdsUnityWrapper.mm in Sources */ = {isa = PBXBuildFile; fileRef = 9994751F1A7BC3AE00178130 /* UnityAdsUnityWrapper.mm */; };
		99C8434D89614D6516C552B3 /* Il2CppMethodPointerTable.cpp in Sources */ = {isa = PBXBuildFile; fileRef = 78B54EDC8AF2AFB28F356D5D /* Il2CppMethodPointerTable.cpp */; };
		9A1A483A80F4674344CA3E31 /* CardboardSDK.bundle in Resources */ = {isa = PBXBuildFile; fileRef = 3A69422B81374338FEF8D60D /* CardboardSDK.bundle */; };
		9B0D41759C8A85A0A86BED8B /* GoogleKitDialogs.bundle in Resources */ = {isa = PBXBuildFile; fileRef = E9614864B9729F162695691A /* GoogleKitDialogs.bundle */; };
		9C5A4E3383AA3C9E71D508DB /* Il2CppGenericMethodTable.cpp in Sources */ = {isa = PBXBuildFile; fileRef = 6959486787552F828C01D86D /* Il2CppGenericMethodTable.cpp */; };
		9C7A47CD9F92868A81951B80 /* Bulk_Generics_7.cpp in Sources */ = {isa = PBXBuildFile; fileRef = 9D76425A9BAC879D4CE70F68 /* Bulk_Generics_7.cpp */; };
		9DA34852B6249149F7CAA95E /* Il2CppCompilerCalculateTypeValuesTable.cpp in Sources */ = {isa = PBXBuildFile; fileRef = 0DAD4BA394E73F28C1B3E1E8 /* Il2CppCompilerCalculateTypeValuesTable.cpp */; };
		AA31BF971B55660D0013FB1B /* Data in Resources */ = {isa = PBXBuildFile; fileRef = AA31BF961B55660D0013FB1B /* Data */; };
		AA5D99871AFAD3C800B27605 /* CoreText.framework in Frameworks */ = {isa = PBXBuildFile; fileRef = AA5D99861AFAD3C800B27605 /* CoreText.framework */; };
		AA6C5DF91A13842A0030E49A = {isa = PBXBuildFile; fileRef = AA6C5DF71A13842A0030E49A /* LaunchScreenImage-Landscape.png */; };
		AA6C5DFA1A13842A0030E49A = {isa = PBXBuildFile; fileRef = AA6C5DF81A13842A0030E49A /* LaunchScreenImage-Portrait.png */; };
		AA8F4B691BD917A10024E7E3 /* UnityViewControllerBaseiOS.mm in Sources */ = {isa = PBXBuildFile; fileRef = AA8F4B661BD917A10024E7E3 /* UnityViewControllerBaseiOS.mm */; };
		AA8F4B6A1BD917A10024E7E3 /* UnityViewControllerBaseTV.mm in Sources */ = {isa = PBXBuildFile; fileRef = AA8F4B681BD917A10024E7E3 /* UnityViewControllerBaseTV.mm */; };
		AAC3E38D1A68945900F6174A /* RegisterFeatures.cpp in Sources */ = {isa = PBXBuildFile; fileRef = AAC3E38B1A68945900F6174A /* RegisterFeatures.cpp */; };
		AAFE69D219F187C200638316 /* UnityViewControllerListener.mm in Sources */ = {isa = PBXBuildFile; fileRef = AAFE69D119F187C200638316 /* UnityViewControllerListener.mm */; };
		AC0C422B9FC244BE16F9FC63 /* Il2CppGenericClassTable.cpp in Sources */ = {isa = PBXBuildFile; fileRef = 678A4C9B945C4B2354AAD590 /* Il2CppGenericClassTable.cpp */; };
		AD844993BC8F281B4E62FFFD /* LaunchScreen-iPhoneLandscape.png in Resources */ = {isa = PBXBuildFile; fileRef = 494C4E05808653BD22B00399 /* LaunchScreen-iPhoneLandscape.png */; };
		AE7D47718EEB01A4A50D8F51 /* Bulk_Generics_1.cpp in Sources */ = {isa = PBXBuildFile; fileRef = 483C4CD698659F1AB2439839 /* Bulk_Generics_1.cpp */; };
		B07245969AB75EA703DE289E /* Il2CppAttributes.cpp in Sources */ = {isa = PBXBuildFile; fileRef = F26E48DB89527916EE55DDD6 /* Il2CppAttributes.cpp */; };
		B2F34AB0B8E8073E21700B03 /* Bulk_Generics_4.cpp in Sources */ = {isa = PBXBuildFile; fileRef = 29EA4691881D9CF4608B2C6C /* Bulk_Generics_4.cpp */; };
		B4CD4EACB5429A95EC4C3787 /* LaunchScreen-iPad.xib in Resources */ = {isa = PBXBuildFile; fileRef = 25F34DD69122AF1C2FC5C157 /* LaunchScreen-iPad.xib */; };
		BC824D2A8C90738B2A1EC474 /* Il2CppTypeDefinitions.cpp in Sources */ = {isa = PBXBuildFile; fileRef = C86C47678BF8E2FB81674750 /* Il2CppTypeDefinitions.cpp */; };
		BE7E4A03A981093A2743892A /* Il2CppGenericMethodDefinitions.cpp in Sources */ = {isa = PBXBuildFile; fileRef = B2D843E0AE8B612E87479482 /* Il2CppGenericMethodDefinitions.cpp */; };
		C1E146B49B7A728962957C47 /* GoogleKitCore.bundle in Resources */ = {isa = PBXBuildFile; fileRef = F81E487F81115A994726ED78 /* GoogleKitCore.bundle */; };
		C83843859053A77ACB76C953 /* libiPhone-lib.a in Frameworks */ = {isa = PBXBuildFile; fileRef = 1E8748C6A1AFA3A6F4EA5FFD /* libiPhone-lib.a */; };
		CB5E4A778EC626544902D2FE /* VuforiaRenderDelegate.mm in Sources */ = {isa = PBXBuildFile; fileRef = 5ED94AF1A5D9C22979D3F32F /* VuforiaRenderDelegate.mm */; };
		CBD440098ED7EA352101FF02 /* Bulk_UnityEngine_1.cpp in Sources */ = {isa = PBXBuildFile; fileRef = EBA249C1B2949B6834AE2F4C /* Bulk_UnityEngine_1.cpp */; };
		D0854944A92238B71971091B /* Bulk_UnityEngine_2.cpp in Sources */ = {isa = PBXBuildFile; fileRef = D7334D858E88AF0C850AB799 /* Bulk_UnityEngine_2.cpp */; };
		D19146399D191D1E2B57BEFB /* Il2CppMetadataRegistration.cpp in Sources */ = {isa = PBXBuildFile; fileRef = 85074C669B399D4AF76C02F4 /* Il2CppMetadataRegistration.cpp */; };
		D4E1416A894C4A58EEE2ED20 /* Il2CppDelegateWrappersManagedToNativeTable.cpp in Sources */ = {isa = PBXBuildFile; fileRef = CD9E452A9ADCF673E11A72CE /* Il2CppDelegateWrappersManagedToNativeTable.cpp */; };
		D6654E37B96237277A9FBD67 /* Il2CppMetadataUsage.cpp in Sources */ = {isa = PBXBuildFile; fileRef = 1DEE4337BFF4104522E34475 /* Il2CppMetadataUsage.cpp */; };
		D76D4C46BD8CC6F921BA6223 /* Bulk_System.Core_0.cpp in Sources */ = {isa = PBXBuildFile; fileRef = 5BF04ECDB82ADD06BC166B05 /* Bulk_System.Core_0.cpp */; };
		D82DCFC30E8000A5005D6AD8 /* main.mm in Sources */ = {isa = PBXBuildFile; fileRef = D82DCFBB0E8000A5005D6AD8 /* main.mm */; };
		D8A1C7280E80637F000160D3 /* RegisterMonoModules.cpp in Sources */ = {isa = PBXBuildFile; fileRef = D8A1C7240E80637F000160D3 /* RegisterMonoModules.cpp */; };
		DBB94CDF9E2D3779D91430A5 /* Il2CppGenericMethodPointerTable.cpp in Sources */ = {isa = PBXBuildFile; fileRef = 310948308191FABD70716AC9 /* Il2CppGenericMethodPointerTable.cpp */; };
		DBD14B45A37D20055EE8A0EA /* Bulk_Mono.Security_1.cpp in Sources */ = {isa = PBXBuildFile; fileRef = BBFE4393A91323CA0A9D42AD /* Bulk_Mono.Security_1.cpp */; };
		E0BC428DB6537C51E1C02067 /* LaunchScreen-iPhonePortrait.png in Resources */ = {isa = PBXBuildFile; fileRef = 98504768AD19CD24F20702FE /* LaunchScreen-iPhonePortrait.png */; };
		E36543F6A1A0C5FCBEC21E50 /* Bulk_Assembly-CSharp-firstpass_0.cpp in Sources */ = {isa = PBXBuildFile; fileRef = 29324805BC8EFCD1E07B411E /* Bulk_Assembly-CSharp-firstpass_0.cpp */; };
		E8D04F6C8E791BE6335DCC67 /* Bulk_Generics_5.cpp in Sources */ = {isa = PBXBuildFile; fileRef = 80A3419680C318BAE1706854 /* Bulk_Generics_5.cpp */; };
		EEC144AB96A8FC69293B60F1 /* libVuforia.a in Frameworks */ = {isa = PBXBuildFile; fileRef = 207348288C0B77CD9E474242 /* libVuforia.a */; };
		F10949C78AA6E9A9A0A38EC2 /* Bulk_Generics_6.cpp in Sources */ = {isa = PBXBuildFile; fileRef = 31BB4519986676898D7352C8 /* Bulk_Generics_6.cpp */; };
		F67C4E7BBEB9D77DDAF72A26 /* Bulk_UnityEngine_0.cpp in Sources */ = {isa = PBXBuildFile; fileRef = 3207479BBA53DA19878FC379 /* Bulk_UnityEngine_0.cpp */; };
		F7FA4B4FA95EBD0697A8C56A /* Bulk_Assembly-CSharp_0.cpp in Sources */ = {isa = PBXBuildFile; fileRef = A7D64ACDAAB4588A132619A6 /* Bulk_Assembly-CSharp_0.cpp */; };
		FC0B20A21B7A4F0B00FDFC55 /* OnDemandResources.mm in Sources */ = {isa = PBXBuildFile; fileRef = FC0B20A11B7A4F0B00FDFC55 /* OnDemandResources.mm */; };
		FC85CCBB16C3ED8000BAF7C7 /* CrashReporter.mm in Sources */ = {isa = PBXBuildFile; fileRef = FC85CCB916C3ED8000BAF7C7 /* CrashReporter.mm */; };
		FD7644A5935069941AB34BA5 /* Il2CppMarshalingFunctionsTable.cpp in Sources */ = {isa = PBXBuildFile; fileRef = 163C4202AAF2322B88BB8317 /* Il2CppMarshalingFunctionsTable.cpp */; };
/* End PBXBuildFile section */

/* Begin PBXContainerItemProxy section */
		5623C58117FDCB0900090B9E /* PBXContainerItemProxy */ = {
			isa = PBXContainerItemProxy;
			containerPortal = 29B97313FDCFA39411CA2CEA /* Project object */;
			proxyType = 1;
			remoteGlobalIDString = 1D6058900D05DD3D006BFB54;
			remoteInfo = "Unity-iPhone";
		};
/* End PBXContainerItemProxy section */

/* Begin PBXCopyFilesBuildPhase section */
		83D0C1FD0E6C8D7700EBCE5D /* CopyFiles */ = {
			isa = PBXCopyFilesBuildPhase;
			buildActionMask = 2147483647;
			dstPath = "";
			dstSubfolderSpec = 0;
			files = (
			);
			runOnlyForDeploymentPostprocessing = 0;
		};
/* End PBXCopyFilesBuildPhase section */

/* Begin PBXFileReference section */
		03F528621B447098000F4FB8 /* Il2CppOptions.cpp */ = {isa = PBXFileReference; fileEncoding = 4; lastKnownFileType = sourcecode.cpp.cpp; path = Il2CppOptions.cpp; sourceTree = "<group>"; };
		043A4924B422A2FD98BEA149 /* Il2CppInvokerTable.cpp */ = {isa = PBXFileReference; lastKnownFileType = sourcecode.cpp.cpp; name = Il2CppInvokerTable.cpp; path = Classes/Native/Il2CppInvokerTable.cpp; sourceTree = SOURCE_ROOT; };
		052348F599799ED95C77C8FB /* Bulk_mscorlib_6.cpp */ = {isa = PBXFileReference; lastKnownFileType = sourcecode.cpp.cpp; name = Bulk_mscorlib_6.cpp; path = Classes/Native/Bulk_mscorlib_6.cpp; sourceTree = SOURCE_ROOT; };
		08B24F75137BFDFA00FBA309 /* iAd.framework */ = {isa = PBXFileReference; lastKnownFileType = wrapper.framework; name = iAd.framework; path = System/Library/Frameworks/iAd.framework; sourceTree = SDKROOT; };
		0DAD4BA394E73F28C1B3E1E8 /* Il2CppCompilerCalculateTypeValuesTable.cpp */ = {isa = PBXFileReference; lastKnownFileType = sourcecode.cpp.cpp; name = Il2CppCompilerCalculateTypeValuesTable.cpp; path = Classes/Native/Il2CppCompilerCalculateTypeValuesTable.cpp; sourceTree = SOURCE_ROOT; };
		10E04110B3ED3F797AA697BB /* Bulk_mscorlib_0.cpp */ = {isa = PBXFileReference; lastKnownFileType = sourcecode.cpp.cpp; name = Bulk_mscorlib_0.cpp; path = Classes/Native/Bulk_mscorlib_0.cpp; sourceTree = SOURCE_ROOT; };
		117A4DDCBCC6A5455119F7F6 /* Bulk_mscorlib_7.cpp */ = {isa = PBXFileReference; lastKnownFileType = sourcecode.cpp.cpp; name = Bulk_mscorlib_7.cpp; path = Classes/Native/Bulk_mscorlib_7.cpp; sourceTree = SOURCE_ROOT; };
		11AA4F438916ADA92381756A /* Bulk_System_1.cpp */ = {isa = PBXFileReference; lastKnownFileType = sourcecode.cpp.cpp; name = Bulk_System_1.cpp; path = Classes/Native/Bulk_System_1.cpp; sourceTree = SOURCE_ROOT; };
		163C4202AAF2322B88BB8317 /* Il2CppMarshalingFunctionsTable.cpp */ = {isa = PBXFileReference; lastKnownFileType = sourcecode.cpp.cpp; name = Il2CppMarshalingFunctionsTable.cpp; path = Classes/Native/Il2CppMarshalingFunctionsTable.cpp; sourceTree = SOURCE_ROOT; };
		166842DC875637D5FA00FCCC /* Il2CppMethodReferences.cpp */ = {isa = PBXFileReference; lastKnownFileType = sourcecode.cpp.cpp; name = Il2CppMethodReferences.cpp; path = Classes/Native/Il2CppMethodReferences.cpp; sourceTree = SOURCE_ROOT; };
		1859EA9A19214E7B0022C3D3 /* MetalHelper.mm */ = {isa = PBXFileReference; fileEncoding = 4; lastKnownFileType = sourcecode.cpp.objcpp; path = MetalHelper.mm; sourceTree = "<group>"; };
		1CB04CD1AE5E698FC1FA4BEC /* UnityClassRegistration.cpp */ = {isa = PBXFileReference; lastKnownFileType = sourcecode.cpp.cpp; name = UnityClassRegistration.cpp; path = Classes/Native/UnityClassRegistration.cpp; sourceTree = SOURCE_ROOT; };
		1D30AB110D05D00D00671497 /* Foundation.framework */ = {isa = PBXFileReference; lastKnownFileType = wrapper.framework; name = Foundation.framework; path = System/Library/Frameworks/Foundation.framework; sourceTree = SDKROOT; };
		1D6058910D05DD3D006BFB54 /* Unity-Target-New.app */ = {isa = PBXFileReference; explicitFileType = wrapper.application; includeInIndex = 0; path = "Unity-Target-New.app"; sourceTree = BUILT_PRODUCTS_DIR; };
		1DEE4337BFF4104522E34475 /* Il2CppMetadataUsage.cpp */ = {isa = PBXFileReference; lastKnownFileType = sourcecode.cpp.cpp; name = Il2CppMetadataUsage.cpp; path = Classes/Native/Il2CppMetadataUsage.cpp; sourceTree = SOURCE_ROOT; };
		1E8748C6A1AFA3A6F4EA5FFD /* libiPhone-lib.a */ = {isa = PBXFileReference; lastKnownFileType = archive.ar; name = "libiPhone-lib.a"; path = "Libraries/libiPhone-lib.a"; sourceTree = SOURCE_ROOT; };
		207348288C0B77CD9E474242 /* libVuforia.a */ = {isa = PBXFileReference; lastKnownFileType = archive.ar; name = libVuforia.a; path = Libraries/Plugins/iOS/libVuforia.a; sourceTree = SOURCE_ROOT; };
		25F34DD69122AF1C2FC5C157 /* LaunchScreen-iPad.xib */ = {isa = PBXFileReference; lastKnownFileType = file.xib; path = "LaunchScreen-iPad.xib"; sourceTree = SOURCE_ROOT; };
		29324805BC8EFCD1E07B411E /* Bulk_Assembly-CSharp-firstpass_0.cpp */ = {isa = PBXFileReference; lastKnownFileType = sourcecode.cpp.cpp; name = "Bulk_Assembly-CSharp-firstpass_0.cpp"; path = "Classes/Native/Bulk_Assembly-CSharp-firstpass_0.cpp"; sourceTree = SOURCE_ROOT; };
		29EA4691881D9CF4608B2C6C /* Bulk_Generics_4.cpp */ = {isa = PBXFileReference; lastKnownFileType = sourcecode.cpp.cpp; name = Bulk_Generics_4.cpp; path = Classes/Native/Bulk_Generics_4.cpp; sourceTree = SOURCE_ROOT; };
		2D6E4D5B8E7D1901A4B153FD /* LaunchScreen-iPhone.xib */ = {isa = PBXFileReference; lastKnownFileType = file.xib; path = "LaunchScreen-iPhone.xib"; sourceTree = SOURCE_ROOT; };
		2E7B4C71882033B55D4FD950 /* Bulk_Vuforia.UnityExtensions_2.cpp */ = {isa = PBXFileReference; lastKnownFileType = sourcecode.cpp.cpp; name = Bulk_Vuforia.UnityExtensions_2.cpp; path = Classes/Native/Bulk_Vuforia.UnityExtensions_2.cpp; sourceTree = SOURCE_ROOT; };
		2F784FFC85CD7B8A2B06B2E2 /* CardboardAppController.mm */ = {isa = PBXFileReference; lastKnownFileType = sourcecode.cpp.objcpp; name = CardboardAppController.mm; path = Libraries/Plugins/iOS/CardboardAppController.mm; sourceTree = SOURCE_ROOT; };
		310948308191FABD70716AC9 /* Il2CppGenericMethodPointerTable.cpp */ = {isa = PBXFileReference; lastKnownFileType = sourcecode.cpp.cpp; name = Il2CppGenericMethodPointerTable.cpp; path = Classes/Native/Il2CppGenericMethodPointerTable.cpp; sourceTree = SOURCE_ROOT; };
		31BB4519986676898D7352C8 /* Bulk_Generics_6.cpp */ = {isa = PBXFileReference; lastKnownFileType = sourcecode.cpp.cpp; name = Bulk_Generics_6.cpp; path = Classes/Native/Bulk_Generics_6.cpp; sourceTree = SOURCE_ROOT; };
		3207479BBA53DA19878FC379 /* Bulk_UnityEngine_0.cpp */ = {isa = PBXFileReference; lastKnownFileType = sourcecode.cpp.cpp; name = Bulk_UnityEngine_0.cpp; path = Classes/Native/Bulk_UnityEngine_0.cpp; sourceTree = SOURCE_ROOT; };
		331F43979BB9DE202CFF35E4 /* libVuforiaUnityPlayer.a */ = {isa = PBXFileReference; lastKnownFileType = archive.ar; name = libVuforiaUnityPlayer.a; path = Libraries/Plugins/iOS/libVuforiaUnityPlayer.a; sourceTree = SOURCE_ROOT; };
		342C45689E1A87395320BD34 /* Bulk_Generics_3.cpp */ = {isa = PBXFileReference; lastKnownFileType = sourcecode.cpp.cpp; name = Bulk_Generics_3.cpp; path = Classes/Native/Bulk_Generics_3.cpp; sourceTree = SOURCE_ROOT; };
		39814E5EB9F6F1DD02B1A6B0 /* Bulk_mscorlib_2.cpp */ = {isa = PBXFileReference; lastKnownFileType = sourcecode.cpp.cpp; name = Bulk_mscorlib_2.cpp; path = Classes/Native/Bulk_mscorlib_2.cpp; sourceTree = SOURCE_ROOT; };
		3A5B412C9A99A75FAEDF24ED /* GenericMethods1.cpp */ = {isa = PBXFileReference; lastKnownFileType = sourcecode.cpp.cpp; name = GenericMethods1.cpp; path = Classes/Native/GenericMethods1.cpp; sourceTree = SOURCE_ROOT; };
		3A69422B81374338FEF8D60D /* CardboardSDK.bundle */ = {isa = PBXFileReference; lastKnownFileType = "wrapper.plug-in"; name = CardboardSDK.bundle; path = Frameworks/Plugins/iOS/CardboardSDK.bundle; sourceTree = SOURCE_ROOT; };
		440E4F7E9B079823656C9BAC /* Il2CppCodeRegistration.cpp */ = {isa = PBXFileReference; lastKnownFileType = sourcecode.cpp.cpp; name = Il2CppCodeRegistration.cpp; path = Classes/Native/Il2CppCodeRegistration.cpp; sourceTree = SOURCE_ROOT; };
		451D4EA19F3D71561E77860D /* Bulk_mscorlib_3.cpp */ = {isa = PBXFileReference; lastKnownFileType = sourcecode.cpp.cpp; name = Bulk_mscorlib_3.cpp; path = Classes/Native/Bulk_mscorlib_3.cpp; sourceTree = SOURCE_ROOT; };
		483C4CD698659F1AB2439839 /* Bulk_Generics_1.cpp */ = {isa = PBXFileReference; lastKnownFileType = sourcecode.cpp.cpp; name = Bulk_Generics_1.cpp; path = Classes/Native/Bulk_Generics_1.cpp; sourceTree = SOURCE_ROOT; };
		494C4E05808653BD22B00399 /* LaunchScreen-iPhoneLandscape.png */ = {isa = PBXFileReference; lastKnownFileType = image.png; path = "LaunchScreen-iPhoneLandscape.png"; sourceTree = SOURCE_ROOT; };
		4F0D49ED89749D6E44A9246B /* VuforiaRenderDelegate.h */ = {isa = PBXFileReference; lastKnownFileType = sourcecode.c.h; name = VuforiaRenderDelegate.h; path = Libraries/Plugins/iOS/VuforiaRenderDelegate.h; sourceTree = SOURCE_ROOT; };
		51D64D889C645AF70921B1B2 /* UnityICallRegistration.cpp */ = {isa = PBXFileReference; lastKnownFileType = sourcecode.cpp.cpp; name = UnityICallRegistration.cpp; path = Classes/Native/UnityICallRegistration.cpp; sourceTree = SOURCE_ROOT; };
		53AF45C0956C882008A0CD5F /* Bulk_UnityEngine.UI_0.cpp */ = {isa = PBXFileReference; lastKnownFileType = sourcecode.cpp.cpp; name = Bulk_UnityEngine.UI_0.cpp; path = Classes/Native/Bulk_UnityEngine.UI_0.cpp; sourceTree = SOURCE_ROOT; };
		54504D93BD755E6BD81050D3 /* VuforiaNativeRendererController.mm */ = {isa = PBXFileReference; lastKnownFileType = sourcecode.cpp.objcpp; name = VuforiaNativeRendererController.mm; path = Libraries/Plugins/iOS/VuforiaNativeRendererController.mm; sourceTree = SOURCE_ROOT; };
		5623C57317FDCB0800090B9E /* Unity-iPhone Tests.xctest */ = {isa = PBXFileReference; explicitFileType = wrapper.cfbundle; includeInIndex = 0; path = "Unity-iPhone Tests.xctest"; sourceTree = BUILT_PRODUCTS_DIR; };
		5623C57A17FDCB0900090B9E /* Unity-iPhone Tests-Info.plist */ = {isa = PBXFileReference; lastKnownFileType = text.plist.xml; path = "Unity-iPhone Tests-Info.plist"; sourceTree = "<group>"; };
		5623C57C17FDCB0900090B9E /* en */ = {isa = PBXFileReference; lastKnownFileType = text.plist.strings; name = en; path = en.lproj/InfoPlist.strings; sourceTree = "<group>"; };
		5623C57E17FDCB0900090B9E /* Unity_iPhone_Tests.m */ = {isa = PBXFileReference; lastKnownFileType = sourcecode.c.objc; path = Unity_iPhone_Tests.m; sourceTree = "<group>"; };
		5623C58017FDCB0900090B9E /* Unity-iPhone Tests-Prefix.pch */ = {isa = PBXFileReference; lastKnownFileType = sourcecode.c.h; path = "Unity-iPhone Tests-Prefix.pch"; sourceTree = "<group>"; };
		5682F4B10F3B34FF007A219C /* MediaPlayer.framework */ = {isa = PBXFileReference; lastKnownFileType = wrapper.framework; name = MediaPlayer.framework; path = System/Library/Frameworks/MediaPlayer.framework; sourceTree = SDKROOT; };
		5692F3DC0FA9D8E500EBA2F1 /* CoreLocation.framework */ = {isa = PBXFileReference; lastKnownFileType = wrapper.framework; name = CoreLocation.framework; path = System/Library/Frameworks/CoreLocation.framework; sourceTree = SDKROOT; };
		56B7959A1442E0F20026B3DD /* CoreGraphics.framework */ = {isa = PBXFileReference; lastKnownFileType = wrapper.framework; name = CoreGraphics.framework; path = System/Library/Frameworks/CoreGraphics.framework; sourceTree = SDKROOT; };
		56B795C11442E1100026B3DD /* CoreMotion.framework */ = {isa = PBXFileReference; lastKnownFileType = wrapper.framework; name = CoreMotion.framework; path = System/Library/Frameworks/CoreMotion.framework; sourceTree = SDKROOT; };
		56BCBA380FCF049A0030C3B2 /* SystemConfiguration.framework */ = {isa = PBXFileReference; lastKnownFileType = wrapper.framework; name = SystemConfiguration.framework; path = System/Library/Frameworks/SystemConfiguration.framework; sourceTree = SDKROOT; };
		56C56C9717D6015100616839 /* Images.xcassets */ = {isa = PBXFileReference; lastKnownFileType = folder.assetcatalog; name = Images.xcassets; path = "Unity-iPhone/Images.xcassets"; sourceTree = "<group>"; };
		56DBF99C15E3CDC9007A4A8D /* iPhone_Sensors.mm */ = {isa = PBXFileReference; fileEncoding = 4; lastKnownFileType = sourcecode.cpp.objcpp; path = iPhone_Sensors.mm; sourceTree = "<group>"; };
		56DBF99E15E3CE85007A4A8D /* iPhone_Sensors.h */ = {isa = PBXFileReference; fileEncoding = 4; lastKnownFileType = sourcecode.c.h; path = iPhone_Sensors.h; sourceTree = "<group>"; };
		56FD43950ED4745200FE3770 /* CFNetwork.framework */ = {isa = PBXFileReference; lastKnownFileType = wrapper.framework; name = CFNetwork.framework; path = System/Library/Frameworks/CFNetwork.framework; sourceTree = SDKROOT; };
		5BF04ECDB82ADD06BC166B05 /* Bulk_System.Core_0.cpp */ = {isa = PBXFileReference; lastKnownFileType = sourcecode.cpp.cpp; name = Bulk_System.Core_0.cpp; path = Classes/Native/Bulk_System.Core_0.cpp; sourceTree = SOURCE_ROOT; };
		5ED94AF1A5D9C22979D3F32F /* VuforiaRenderDelegate.mm */ = {isa = PBXFileReference; lastKnownFileType = sourcecode.cpp.objcpp; name = VuforiaRenderDelegate.mm; path = Libraries/Plugins/iOS/VuforiaRenderDelegate.mm; sourceTree = SOURCE_ROOT; };
		678A4C9B945C4B2354AAD590 /* Il2CppGenericClassTable.cpp */ = {isa = PBXFileReference; lastKnownFileType = sourcecode.cpp.cpp; name = Il2CppGenericClassTable.cpp; path = Classes/Native/Il2CppGenericClassTable.cpp; sourceTree = SOURCE_ROOT; };
		6959486787552F828C01D86D /* Il2CppGenericMethodTable.cpp */ = {isa = PBXFileReference; lastKnownFileType = sourcecode.cpp.cpp; name = Il2CppGenericMethodTable.cpp; path = Classes/Native/Il2CppGenericMethodTable.cpp; sourceTree = SOURCE_ROOT; };
		74194797B28267AA6359E2BC /* Bulk_Generics_0.cpp */ = {isa = PBXFileReference; lastKnownFileType = sourcecode.cpp.cpp; name = Bulk_Generics_0.cpp; path = Classes/Native/Bulk_Generics_0.cpp; sourceTree = SOURCE_ROOT; };
		74FB40379C4BCC97AD1BBFB2 /* Bulk_Generics_2.cpp */ = {isa = PBXFileReference; lastKnownFileType = sourcecode.cpp.cpp; name = Bulk_Generics_2.cpp; path = Classes/Native/Bulk_Generics_2.cpp; sourceTree = SOURCE_ROOT; };
		78B54EDC8AF2AFB28F356D5D /* Il2CppMethodPointerTable.cpp */ = {isa = PBXFileReference; lastKnownFileType = sourcecode.cpp.cpp; name = Il2CppMethodPointerTable.cpp; path = Classes/Native/Il2CppMethodPointerTable.cpp; sourceTree = SOURCE_ROOT; };
		7D6C455F97F77E79E33E00D1 /* Il2CppGenericInstDefinitions.cpp */ = {isa = PBXFileReference; lastKnownFileType = sourcecode.cpp.cpp; name = Il2CppGenericInstDefinitions.cpp; path = Classes/Native/Il2CppGenericInstDefinitions.cpp; sourceTree = SOURCE_ROOT; };
		7F36C10E13C5C673007FBDD9 /* CoreMedia.framework */ = {isa = PBXFileReference; lastKnownFileType = wrapper.framework; name = CoreMedia.framework; path = System/Library/Frameworks/CoreMedia.framework; sourceTree = SDKROOT; };
		7F36C10F13C5C673007FBDD9 /* CoreVideo.framework */ = {isa = PBXFileReference; lastKnownFileType = wrapper.framework; name = CoreVideo.framework; path = System/Library/Frameworks/CoreVideo.framework; sourceTree = SDKROOT; };
		7F36C11013C5C673007FBDD9 /* AVFoundation.framework */ = {isa = PBXFileReference; lastKnownFileType = wrapper.framework; name = AVFoundation.framework; path = System/Library/Frameworks/AVFoundation.framework; sourceTree = SDKROOT; };
		80A3419680C318BAE1706854 /* Bulk_Generics_5.cpp */ = {isa = PBXFileReference; lastKnownFileType = sourcecode.cpp.cpp; name = Bulk_Generics_5.cpp; path = Classes/Native/Bulk_Generics_5.cpp; sourceTree = SOURCE_ROOT; };
		830B5C100E5ED4C100C7819F /* UIKit.framework */ = {isa = PBXFileReference; lastKnownFileType = wrapper.framework; name = UIKit.framework; path = System/Library/Frameworks/UIKit.framework; sourceTree = SDKROOT; };
		8358D1B70ED1CC3700E3A684 /* AudioToolbox.framework */ = {isa = PBXFileReference; lastKnownFileType = wrapper.framework; name = AudioToolbox.framework; path = System/Library/Frameworks/AudioToolbox.framework; sourceTree = SDKROOT; };
		83A1418EABA34E9A5FC8064C /* Bulk_Generics_8.cpp */ = {isa = PBXFileReference; lastKnownFileType = sourcecode.cpp.cpp; name = Bulk_Generics_8.cpp; path = Classes/Native/Bulk_Generics_8.cpp; sourceTree = SOURCE_ROOT; };
		83B256E10E62FEA000468741 /* OpenGLES.framework */ = {isa = PBXFileReference; lastKnownFileType = wrapper.framework; name = OpenGLES.framework; path = System/Library/Frameworks/OpenGLES.framework; sourceTree = SDKROOT; };
		83B2570A0E62FF8A00468741 /* QuartzCore.framework */ = {isa = PBXFileReference; lastKnownFileType = wrapper.framework; name = QuartzCore.framework; path = System/Library/Frameworks/QuartzCore.framework; sourceTree = SDKROOT; };
		83B2574B0E63022200468741 /* OpenAL.framework */ = {isa = PBXFileReference; lastKnownFileType = wrapper.framework; name = OpenAL.framework; path = System/Library/Frameworks/OpenAL.framework; sourceTree = SDKROOT; };
		83B2574E0E63025400468741 /* libiconv.2.dylib */ = {isa = PBXFileReference; lastKnownFileType = "compiled.mach-o.dylib"; name = libiconv.2.dylib; path = usr/lib/libiconv.2.dylib; sourceTree = SDKROOT; };
		85074C669B399D4AF76C02F4 /* Il2CppMetadataRegistration.cpp */ = {isa = PBXFileReference; lastKnownFileType = sourcecode.cpp.cpp; name = Il2CppMetadataRegistration.cpp; path = Classes/Native/Il2CppMetadataRegistration.cpp; sourceTree = SOURCE_ROOT; };
		871E4EE6B3A6B82212D94DDD /* Bulk_UnityEngine.UI_1.cpp */ = {isa = PBXFileReference; lastKnownFileType = sourcecode.cpp.cpp; name = Bulk_UnityEngine.UI_1.cpp; path = Classes/Native/Bulk_UnityEngine.UI_1.cpp; sourceTree = SOURCE_ROOT; };
		8A07E1041715A5AB000EDC6F /* iAD.h */ = {isa = PBXFileReference; fileEncoding = 4; lastKnownFileType = sourcecode.c.h; path = iAD.h; sourceTree = "<group>"; };
		8A07E1051715A5AB000EDC6F /* iAD.mm */ = {isa = PBXFileReference; fileEncoding = 4; lastKnownFileType = sourcecode.cpp.objcpp; path = iAD.mm; sourceTree = "<group>"; };
		8A0FED471649699200E9727D /* EAGLContextHelper.h */ = {isa = PBXFileReference; fileEncoding = 4; lastKnownFileType = sourcecode.c.h; path = EAGLContextHelper.h; sourceTree = "<group>"; };
		8A0FED481649699200E9727D /* EAGLContextHelper.mm */ = {isa = PBXFileReference; fileEncoding = 4; lastKnownFileType = sourcecode.cpp.objcpp; path = EAGLContextHelper.mm; sourceTree = "<group>"; };
		8A142DC41636943E00DD87CA /* Keyboard.h */ = {isa = PBXFileReference; fileEncoding = 4; lastKnownFileType = sourcecode.c.h; path = Keyboard.h; sourceTree = "<group>"; };
		8A142DC51636943E00DD87CA /* Keyboard.mm */ = {isa = PBXFileReference; fileEncoding = 4; lastKnownFileType = sourcecode.cpp.objcpp; path = Keyboard.mm; sourceTree = "<group>"; };
		8A16150B1A8E4362006FA788 /* FullScreenVideoPlayer.mm */ = {isa = PBXFileReference; fileEncoding = 4; lastKnownFileType = sourcecode.cpp.objcpp; path = FullScreenVideoPlayer.mm; sourceTree = "<group>"; };
		8A1FFFAB16512A9000DD0934 /* GlesHelper.h */ = {isa = PBXFileReference; fileEncoding = 4; lastKnownFileType = sourcecode.c.h; path = GlesHelper.h; sourceTree = "<group>"; };
		8A1FFFAC16512A9000DD0934 /* GlesHelper.mm */ = {isa = PBXFileReference; fileEncoding = 4; lastKnownFileType = sourcecode.cpp.objcpp; path = GlesHelper.mm; sourceTree = "<group>"; };
		8A21AED21622F59300AF8007 /* UnityViewControllerBase.h */ = {isa = PBXFileReference; fileEncoding = 4; lastKnownFileType = sourcecode.c.h; path = UnityViewControllerBase.h; sourceTree = "<group>"; };
		8A25E6D118D767E20006A227 /* Filesystem.mm */ = {isa = PBXFileReference; fileEncoding = 4; lastKnownFileType = sourcecode.cpp.objcpp; path = Filesystem.mm; sourceTree = "<group>"; };
		8A292A9717992CE100409BA4 /* LifeCycleListener.h */ = {isa = PBXFileReference; lastKnownFileType = sourcecode.c.h; path = LifeCycleListener.h; sourceTree = "<group>"; };
		8A292A9817992CE100409BA4 /* LifeCycleListener.mm */ = {isa = PBXFileReference; lastKnownFileType = sourcecode.cpp.objcpp; path = LifeCycleListener.mm; sourceTree = "<group>"; };
		8A2AA93316E0978D001FB470 /* CMVideoSampling.h */ = {isa = PBXFileReference; fileEncoding = 4; lastKnownFileType = sourcecode.c.h; path = CMVideoSampling.h; sourceTree = "<group>"; };
		8A2AA93416E0978D001FB470 /* CMVideoSampling.mm */ = {isa = PBXFileReference; fileEncoding = 4; lastKnownFileType = sourcecode.cpp.objcpp; path = CMVideoSampling.mm; sourceTree = "<group>"; };
		8A367F5916A6D36F0012ED11 /* CVTextureCache.h */ = {isa = PBXFileReference; fileEncoding = 4; lastKnownFileType = sourcecode.c.h; path = CVTextureCache.h; sourceTree = "<group>"; };
		8A367F5A16A6D36F0012ED11 /* CVTextureCache.mm */ = {isa = PBXFileReference; fileEncoding = 4; lastKnownFileType = sourcecode.cpp.objcpp; path = CVTextureCache.mm; sourceTree = "<group>"; };
		8A3EDDC61615B7C1001839E9 /* SplashScreen.h */ = {isa = PBXFileReference; fileEncoding = 4; lastKnownFileType = sourcecode.c.h; path = SplashScreen.h; sourceTree = "<group>"; };
		8A3EDDC71615B7C1001839E9 /* SplashScreen.mm */ = {isa = PBXFileReference; fileEncoding = 4; lastKnownFileType = sourcecode.cpp.objcpp; path = SplashScreen.mm; sourceTree = "<group>"; };
		8A4815BF17A287D2003FBFD5 /* UnityAppController+ViewHandling.h */ = {isa = PBXFileReference; lastKnownFileType = sourcecode.c.h; path = "UnityAppController+ViewHandling.h"; sourceTree = "<group>"; };
		8A4815C017A287D2003FBFD5 /* UnityAppController+ViewHandling.mm */ = {isa = PBXFileReference; lastKnownFileType = sourcecode.cpp.objcpp; path = "UnityAppController+ViewHandling.mm"; sourceTree = "<group>"; };
		8A5A47BA8145183B7A06A9E7 /* MaterialTypography.bundle */ = {isa = PBXFileReference; lastKnownFileType = "wrapper.plug-in"; name = MaterialTypography.bundle; path = Frameworks/Plugins/iOS/MaterialTypography.bundle; sourceTree = SOURCE_ROOT; };
		8A5C1490174E662D0006EB36 /* RenderPluginDelegate.h */ = {isa = PBXFileReference; fileEncoding = 4; lastKnownFileType = sourcecode.c.h; path = RenderPluginDelegate.h; sourceTree = "<group>"; };
		8A5C1491174E662D0006EB36 /* RenderPluginDelegate.mm */ = {isa = PBXFileReference; fileEncoding = 4; lastKnownFileType = sourcecode.cpp.objcpp; path = RenderPluginDelegate.mm; sourceTree = "<group>"; };
		8A5E0B8F16849D1800CBB6FE /* DisplayManager.h */ = {isa = PBXFileReference; fileEncoding = 4; lastKnownFileType = sourcecode.c.h; path = DisplayManager.h; sourceTree = "<group>"; };
		8A5E0B9016849D1800CBB6FE /* DisplayManager.mm */ = {isa = PBXFileReference; fileEncoding = 4; lastKnownFileType = sourcecode.cpp.objcpp; path = DisplayManager.mm; sourceTree = "<group>"; };
		8A6137121A10B57700059EDF /* ObjCRuntime.h */ = {isa = PBXFileReference; fileEncoding = 4; lastKnownFileType = sourcecode.c.h; path = ObjCRuntime.h; sourceTree = "<group>"; };
		8A6137131A10BCA200059EDF /* ObjCRuntime.mm */ = {isa = PBXFileReference; fileEncoding = 4; lastKnownFileType = sourcecode.cpp.objcpp; path = ObjCRuntime.mm; sourceTree = "<group>"; };
		8A6720A319EEB905006C92E0 /* InternalProfiler.cpp */ = {isa = PBXFileReference; fileEncoding = 4; lastKnownFileType = sourcecode.cpp.cpp; path = InternalProfiler.cpp; sourceTree = "<group>"; };
		8A6720A419EEB905006C92E0 /* InternalProfiler.h */ = {isa = PBXFileReference; fileEncoding = 4; lastKnownFileType = sourcecode.c.h; path = InternalProfiler.h; sourceTree = "<group>"; };
		8A6720A619EFAF25006C92E0 /* Prefix.pch */ = {isa = PBXFileReference; fileEncoding = 4; lastKnownFileType = sourcecode.c.h; path = Prefix.pch; sourceTree = "<group>"; };
		8A7057D0171EA29600A1332D /* iAD_Scripting.mm */ = {isa = PBXFileReference; fileEncoding = 4; lastKnownFileType = sourcecode.cpp.objcpp; path = iAD_Scripting.mm; sourceTree = "<group>"; };
		8A851BA516FB2F6D00E911DB /* UnityView.h */ = {isa = PBXFileReference; fileEncoding = 4; lastKnownFileType = sourcecode.c.h; path = UnityView.h; sourceTree = "<group>"; };
		8A851BA616FB2F6D00E911DB /* UnityView.mm */ = {isa = PBXFileReference; fileEncoding = 4; lastKnownFileType = sourcecode.cpp.objcpp; path = UnityView.mm; sourceTree = "<group>"; };
		8A851BA816FB3AD000E911DB /* UnityAppController.h */ = {isa = PBXFileReference; fileEncoding = 4; lastKnownFileType = sourcecode.c.h; path = UnityAppController.h; sourceTree = "<group>"; };
		8A851BA916FB3AD000E911DB /* UnityAppController.mm */ = {isa = PBXFileReference; fileEncoding = 4; lastKnownFileType = sourcecode.cpp.objcpp; path = UnityAppController.mm; sourceTree = "<group>"; };
		8A851BAB16FC875E00E911DB /* UnityInterface.h */ = {isa = PBXFileReference; fileEncoding = 4; lastKnownFileType = sourcecode.c.h; path = UnityInterface.h; sourceTree = "<group>"; };
		8A8D90D81A274A7800456C4E /* UnityAppController+UnityInterface.h */ = {isa = PBXFileReference; fileEncoding = 4; lastKnownFileType = sourcecode.c.h; path = "UnityAppController+UnityInterface.h"; sourceTree = "<group>"; };
		8A8D90D91A274A7800456C4E /* UnityAppController+UnityInterface.mm */ = {isa = PBXFileReference; fileEncoding = 4; lastKnownFileType = sourcecode.cpp.objcpp; path = "UnityAppController+UnityInterface.mm"; sourceTree = "<group>"; };
		8A90541019EE8843003D1039 /* UnityForwardDecls.h */ = {isa = PBXFileReference; fileEncoding = 4; lastKnownFileType = sourcecode.c.h; path = UnityForwardDecls.h; sourceTree = "<group>"; };
		8A9FCB111617295F00C05364 /* ActivityIndicator.h */ = {isa = PBXFileReference; fileEncoding = 4; lastKnownFileType = sourcecode.c.h; path = ActivityIndicator.h; sourceTree = "<group>"; };
		8A9FCB121617295F00C05364 /* ActivityIndicator.mm */ = {isa = PBXFileReference; fileEncoding = 4; lastKnownFileType = sourcecode.cpp.objcpp; path = ActivityIndicator.mm; sourceTree = "<group>"; };
		8AA108C01948732900D0538B /* UnityRendering.h */ = {isa = PBXFileReference; fileEncoding = 4; lastKnownFileType = sourcecode.c.h; path = UnityRendering.h; sourceTree = "<group>"; };
		8AA568AC1827DD79004969C7 /* WWWConnection.h */ = {isa = PBXFileReference; fileEncoding = 4; lastKnownFileType = sourcecode.c.h; path = WWWConnection.h; sourceTree = "<group>"; };
		8AA568AD1827DD79004969C7 /* WWWConnection.mm */ = {isa = PBXFileReference; fileEncoding = 4; lastKnownFileType = sourcecode.cpp.objcpp; path = WWWConnection.mm; sourceTree = "<group>"; };
		8AA5D80017ABE9AF007B9910 /* UnityAppController+Rendering.h */ = {isa = PBXFileReference; fileEncoding = 4; lastKnownFileType = sourcecode.c.h; path = "UnityAppController+Rendering.h"; sourceTree = "<group>"; };
		8AA5D80117ABE9AF007B9910 /* UnityAppController+Rendering.mm */ = {isa = PBXFileReference; fileEncoding = 4; lastKnownFileType = sourcecode.cpp.objcpp; path = "UnityAppController+Rendering.mm"; sourceTree = "<group>"; };
		8AA6ADDB17818CFD00A1C5F1 /* UnityTrampolineConfigure.h */ = {isa = PBXFileReference; lastKnownFileType = sourcecode.c.h; path = UnityTrampolineConfigure.h; sourceTree = "<group>"; };
		8AB3CB3C16D390BA00697AD5 /* VideoPlayer.h */ = {isa = PBXFileReference; fileEncoding = 4; lastKnownFileType = sourcecode.c.h; path = VideoPlayer.h; sourceTree = "<group>"; };
		8AB3CB3D16D390BB00697AD5 /* VideoPlayer.mm */ = {isa = PBXFileReference; fileEncoding = 4; lastKnownFileType = sourcecode.cpp.objcpp; path = VideoPlayer.mm; sourceTree = "<group>"; };
		8ABDBCE019CAFCF700A842FF /* AVCapture.h */ = {isa = PBXFileReference; fileEncoding = 4; lastKnownFileType = sourcecode.c.h; path = AVCapture.h; sourceTree = "<group>"; };
		8AC71EC219E7FBA90027502F /* OrientationSupport.h */ = {isa = PBXFileReference; fileEncoding = 4; lastKnownFileType = sourcecode.c.h; path = OrientationSupport.h; sourceTree = "<group>"; };
		8AC71EC319E7FBA90027502F /* OrientationSupport.mm */ = {isa = PBXFileReference; fileEncoding = 4; lastKnownFileType = sourcecode.cpp.objcpp; path = OrientationSupport.mm; sourceTree = "<group>"; };
		8AC74A9419B47FEF00019D38 /* AVCapture.mm */ = {isa = PBXFileReference; fileEncoding = 4; lastKnownFileType = sourcecode.cpp.objcpp; path = AVCapture.mm; sourceTree = "<group>"; };
		8ACB801B177081D4005D0019 /* DeviceSettings.mm */ = {isa = PBXFileReference; fileEncoding = 4; lastKnownFileType = sourcecode.cpp.objcpp; path = DeviceSettings.mm; sourceTree = "<group>"; };
		8ACB801D177081F7005D0019 /* Preprocessor.h */ = {isa = PBXFileReference; fileEncoding = 4; lastKnownFileType = sourcecode.c.h; path = Preprocessor.h; sourceTree = "<group>"; };
		8ADCE38919C87177006F04F6 /* CameraCapture.h */ = {isa = PBXFileReference; fileEncoding = 4; lastKnownFileType = sourcecode.c.h; path = CameraCapture.h; sourceTree = "<group>"; };
		8ADCE38A19C87177006F04F6 /* CameraCapture.mm */ = {isa = PBXFileReference; fileEncoding = 4; lastKnownFileType = sourcecode.cpp.objcpp; path = CameraCapture.mm; sourceTree = "<group>"; };
		8AECDC781950835600CB29E8 /* UnityMetalSupport.h */ = {isa = PBXFileReference; fileEncoding = 4; lastKnownFileType = sourcecode.c.h; path = UnityMetalSupport.h; sourceTree = "<group>"; };
		8AF7755E17997D1300341121 /* AppDelegateListener.h */ = {isa = PBXFileReference; lastKnownFileType = sourcecode.c.h; path = AppDelegateListener.h; sourceTree = "<group>"; };
		8AF7755F17997D1300341121 /* AppDelegateListener.mm */ = {isa = PBXFileReference; lastKnownFileType = sourcecode.cpp.objcpp; path = AppDelegateListener.mm; sourceTree = "<group>"; };
		8D1107310486CEB800E47090 /* Info.plist */ = {isa = PBXFileReference; fileEncoding = 4; lastKnownFileType = text.plist.xml; path = Info.plist; sourceTree = "<group>"; };
		8E6B4CDF8EF824FE8831CA83 /* Bulk_Mono.Security_0.cpp */ = {isa = PBXFileReference; lastKnownFileType = sourcecode.cpp.cpp; name = Bulk_Mono.Security_0.cpp; path = Classes/Native/Bulk_Mono.Security_0.cpp; sourceTree = SOURCE_ROOT; };
		97A641C19024934F8D9EAF4C /* CardboardAppController.h */ = {isa = PBXFileReference; lastKnownFileType = sourcecode.c.h; name = CardboardAppController.h; path = Libraries/Plugins/iOS/CardboardAppController.h; sourceTree = SOURCE_ROOT; };
		98504768AD19CD24F20702FE /* LaunchScreen-iPhonePortrait.png */ = {isa = PBXFileReference; lastKnownFileType = image.png; path = "LaunchScreen-iPhonePortrait.png"; sourceTree = SOURCE_ROOT; };
		9994751E1A7BC3AE00178130 /* UnityAdsUnityWrapper.h */ = {isa = PBXFileReference; fileEncoding = 4; lastKnownFileType = sourcecode.c.h; name = UnityAdsUnityWrapper.h; path = UnityAds/UnityAdsUnityWrapper.h; sourceTree = "<group>"; };
		9994751F1A7BC3AE00178130 /* UnityAdsUnityWrapper.mm */ = {isa = PBXFileReference; fileEncoding = 4; lastKnownFileType = sourcecode.cpp.objcpp; name = UnityAdsUnityWrapper.mm; path = UnityAds/UnityAdsUnityWrapper.mm; sourceTree = "<group>"; };
		999475381A80DBC300178130 /* UnityAdsConfig.h */ = {isa = PBXFileReference; fileEncoding = 4; lastKnownFileType = sourcecode.c.h; name = UnityAdsConfig.h; path = UnityAds/UnityAdsConfig.h; sourceTree = "<group>"; };
		9D76425A9BAC879D4CE70F68 /* Bulk_Generics_7.cpp */ = {isa = PBXFileReference; lastKnownFileType = sourcecode.cpp.cpp; name = Bulk_Generics_7.cpp; path = Classes/Native/Bulk_Generics_7.cpp; sourceTree = SOURCE_ROOT; };
		9DFD42F39F5F211BF710D6B5 /* Bulk_UnityEngine_3.cpp */ = {isa = PBXFileReference; lastKnownFileType = sourcecode.cpp.cpp; name = Bulk_UnityEngine_3.cpp; path = Classes/Native/Bulk_UnityEngine_3.cpp; sourceTree = SOURCE_ROOT; };
		9E964B8F9A461CB6135F74E4 /* VuforiaUnityPlayer.h */ = {isa = PBXFileReference; lastKnownFileType = sourcecode.c.h; name = VuforiaUnityPlayer.h; path = Libraries/Plugins/iOS/VuforiaUnityPlayer.h; sourceTree = SOURCE_ROOT; };
		A7D64ACDAAB4588A132619A6 /* Bulk_Assembly-CSharp_0.cpp */ = {isa = PBXFileReference; lastKnownFileType = sourcecode.cpp.cpp; name = "Bulk_Assembly-CSharp_0.cpp"; path = "Classes/Native/Bulk_Assembly-CSharp_0.cpp"; sourceTree = SOURCE_ROOT; };
		AA31BF961B55660D0013FB1B /* Data */ = {isa = PBXFileReference; lastKnownFileType = folder; path = Data; sourceTree = "<group>"; };
		AA5D99861AFAD3C800B27605 /* CoreText.framework */ = {isa = PBXFileReference; lastKnownFileType = wrapper.framework; name = CoreText.framework; path = System/Library/Frameworks/CoreText.framework; sourceTree = SDKROOT; };
		AA6C5DF71A13842A0030E49A /* LaunchScreenImage-Landscape.png */ = {isa = PBXFileReference; lastKnownFileType = image.png; path = "LaunchScreenImage-Landscape.png"; sourceTree = "<group>"; };
		AA6C5DF81A13842A0030E49A /* LaunchScreenImage-Portrait.png */ = {isa = PBXFileReference; lastKnownFileType = image.png; path = "LaunchScreenImage-Portrait.png"; sourceTree = "<group>"; };
		AA8F4B651BD917A10024E7E3 /* UnityViewControllerBaseiOS.h */ = {isa = PBXFileReference; fileEncoding = 4; lastKnownFileType = sourcecode.c.h; path = UnityViewControllerBaseiOS.h; sourceTree = "<group>"; };
		AA8F4B661BD917A10024E7E3 /* UnityViewControllerBaseiOS.mm */ = {isa = PBXFileReference; fileEncoding = 4; lastKnownFileType = sourcecode.cpp.objcpp; path = UnityViewControllerBaseiOS.mm; sourceTree = "<group>"; };
		AA8F4B671BD917A10024E7E3 /* UnityViewControllerBaseTV.h */ = {isa = PBXFileReference; fileEncoding = 4; lastKnownFileType = sourcecode.c.h; path = UnityViewControllerBaseTV.h; sourceTree = "<group>"; };
		AA8F4B681BD917A10024E7E3 /* UnityViewControllerBaseTV.mm */ = {isa = PBXFileReference; fileEncoding = 4; lastKnownFileType = sourcecode.cpp.objcpp; path = UnityViewControllerBaseTV.mm; sourceTree = "<group>"; };
		AAC3E38B1A68945900F6174A /* RegisterFeatures.cpp */ = {isa = PBXFileReference; fileEncoding = 4; lastKnownFileType = sourcecode.cpp.cpp; path = RegisterFeatures.cpp; sourceTree = "<group>"; };
		AAC3E38C1A68945900F6174A /* RegisterFeatures.h */ = {isa = PBXFileReference; fileEncoding = 4; lastKnownFileType = sourcecode.c.h; path = RegisterFeatures.h; sourceTree = "<group>"; };
		AAFE69D019F187C200638316 /* UnityViewControllerListener.h */ = {isa = PBXFileReference; fileEncoding = 4; lastKnownFileType = sourcecode.c.h; path = UnityViewControllerListener.h; sourceTree = "<group>"; };
		AAFE69D119F187C200638316 /* UnityViewControllerListener.mm */ = {isa = PBXFileReference; fileEncoding = 4; lastKnownFileType = sourcecode.cpp.objcpp; path = UnityViewControllerListener.mm; sourceTree = "<group>"; };
		B01C43E391C2CA383130D4E8 /* Bulk_mscorlib_5.cpp */ = {isa = PBXFileReference; lastKnownFileType = sourcecode.cpp.cpp; name = Bulk_mscorlib_5.cpp; path = Classes/Native/Bulk_mscorlib_5.cpp; sourceTree = SOURCE_ROOT; };
		B2D843E0AE8B612E87479482 /* Il2CppGenericMethodDefinitions.cpp */ = {isa = PBXFileReference; lastKnownFileType = sourcecode.cpp.cpp; name = Il2CppGenericMethodDefinitions.cpp; path = Classes/Native/Il2CppGenericMethodDefinitions.cpp; sourceTree = SOURCE_ROOT; };
		B7BC4681A683D236C9CADD86 /* GenericMethods0.cpp */ = {isa = PBXFileReference; lastKnownFileType = sourcecode.cpp.cpp; name = GenericMethods0.cpp; path = Classes/Native/GenericMethods0.cpp; sourceTree = SOURCE_ROOT; };
		B91E4772BCED4551DA962374 /* libvrunity.a */ = {isa = PBXFileReference; lastKnownFileType = archive.ar; name = libvrunity.a; path = Libraries/Plugins/iOS/libvrunity.a; sourceTree = SOURCE_ROOT; };
		BBFE4393A91323CA0A9D42AD /* Bulk_Mono.Security_1.cpp */ = {isa = PBXFileReference; lastKnownFileType = sourcecode.cpp.cpp; name = Bulk_Mono.Security_1.cpp; path = Classes/Native/Bulk_Mono.Security_1.cpp; sourceTree = SOURCE_ROOT; };
		BFF943E9A0E5DA9D145A577D /* GoogleKitHUD.bundle */ = {isa = PBXFileReference; lastKnownFileType = "wrapper.plug-in"; name = GoogleKitHUD.bundle; path = Frameworks/Plugins/iOS/GoogleKitHUD.bundle; sourceTree = SOURCE_ROOT; };
		C86C47678BF8E2FB81674750 /* Il2CppTypeDefinitions.cpp */ = {isa = PBXFileReference; lastKnownFileType = sourcecode.cpp.cpp; name = Il2CppTypeDefinitions.cpp; path = Classes/Native/Il2CppTypeDefinitions.cpp; sourceTree = SOURCE_ROOT; };
		CC6745B1BA70618AD8673D00 /* Bulk_System_0.cpp */ = {isa = PBXFileReference; lastKnownFileType = sourcecode.cpp.cpp; name = Bulk_System_0.cpp; path = Classes/Native/Bulk_System_0.cpp; sourceTree = SOURCE_ROOT; };
		CD9E452A9ADCF673E11A72CE /* Il2CppDelegateWrappersManagedToNativeTable.cpp */ = {isa = PBXFileReference; lastKnownFileType = sourcecode.cpp.cpp; name = Il2CppDelegateWrappersManagedToNativeTable.cpp; path = Classes/Native/Il2CppDelegateWrappersManagedToNativeTable.cpp; sourceTree = SOURCE_ROOT; };
		D7334D858E88AF0C850AB799 /* Bulk_UnityEngine_2.cpp */ = {isa = PBXFileReference; lastKnownFileType = sourcecode.cpp.cpp; name = Bulk_UnityEngine_2.cpp; path = Classes/Native/Bulk_UnityEngine_2.cpp; sourceTree = SOURCE_ROOT; };
		D82DCFBB0E8000A5005D6AD8 /* main.mm */ = {isa = PBXFileReference; fileEncoding = 4; lastKnownFileType = sourcecode.cpp.objcpp; name = main.mm; path = Classes/main.mm; sourceTree = SOURCE_ROOT; };
		D8A1C7240E80637F000160D3 /* RegisterMonoModules.cpp */ = {isa = PBXFileReference; fileEncoding = 4; lastKnownFileType = sourcecode.cpp.cpp; name = RegisterMonoModules.cpp; path = Libraries/RegisterMonoModules.cpp; sourceTree = SOURCE_ROOT; };
		D8A1C7250E80637F000160D3 /* RegisterMonoModules.h */ = {isa = PBXFileReference; fileEncoding = 4; lastKnownFileType = sourcecode.c.h; name = RegisterMonoModules.h; path = Libraries/RegisterMonoModules.h; sourceTree = SOURCE_ROOT; };
		DC5D499995C112F5A3EF1AD1 /* Bulk_mscorlib_1.cpp */ = {isa = PBXFileReference; lastKnownFileType = sourcecode.cpp.cpp; name = Bulk_mscorlib_1.cpp; path = Classes/Native/Bulk_mscorlib_1.cpp; sourceTree = SOURCE_ROOT; };
		E33D416F9E6E8198BE055F9C /* Bulk_Vuforia.UnityExtensions_0.cpp */ = {isa = PBXFileReference; lastKnownFileType = sourcecode.cpp.cpp; name = Bulk_Vuforia.UnityExtensions_0.cpp; path = Classes/Native/Bulk_Vuforia.UnityExtensions_0.cpp; sourceTree = SOURCE_ROOT; };
		E86F4FF995785F83F76803CB /* Bulk_Vuforia.UnityExtensions_1.cpp */ = {isa = PBXFileReference; lastKnownFileType = sourcecode.cpp.cpp; name = Bulk_Vuforia.UnityExtensions_1.cpp; path = Classes/Native/Bulk_Vuforia.UnityExtensions_1.cpp; sourceTree = SOURCE_ROOT; };
		E9614864B9729F162695691A /* GoogleKitDialogs.bundle */ = {isa = PBXFileReference; lastKnownFileType = "wrapper.plug-in"; name = GoogleKitDialogs.bundle; path = Frameworks/Plugins/iOS/GoogleKitDialogs.bundle; sourceTree = SOURCE_ROOT; };
		EBA249C1B2949B6834AE2F4C /* Bulk_UnityEngine_1.cpp */ = {isa = PBXFileReference; lastKnownFileType = sourcecode.cpp.cpp; name = Bulk_UnityEngine_1.cpp; path = Classes/Native/Bulk_UnityEngine_1.cpp; sourceTree = SOURCE_ROOT; };
		EBED49DD954C7C10BBBE010F /* Bulk_mscorlib_4.cpp */ = {isa = PBXFileReference; lastKnownFileType = sourcecode.cpp.cpp; name = Bulk_mscorlib_4.cpp; path = Classes/Native/Bulk_mscorlib_4.cpp; sourceTree = SOURCE_ROOT; };
		F26E48DB89527916EE55DDD6 /* Il2CppAttributes.cpp */ = {isa = PBXFileReference; lastKnownFileType = sourcecode.cpp.cpp; name = Il2CppAttributes.cpp; path = Classes/Native/Il2CppAttributes.cpp; sourceTree = SOURCE_ROOT; };
		F81E487F81115A994726ED78 /* GoogleKitCore.bundle */ = {isa = PBXFileReference; lastKnownFileType = "wrapper.plug-in"; name = GoogleKitCore.bundle; path = Frameworks/Plugins/iOS/GoogleKitCore.bundle; sourceTree = SOURCE_ROOT; };
		FC0B20A11B7A4F0B00FDFC55 /* OnDemandResources.mm */ = {isa = PBXFileReference; fileEncoding = 4; lastKnownFileType = sourcecode.cpp.objcpp; path = OnDemandResources.mm; sourceTree = "<group>"; };
		FC3D7EBE16D2621600D1BD0D /* CrashReporter.h */ = {isa = PBXFileReference; fileEncoding = 4; lastKnownFileType = sourcecode.c.h; path = CrashReporter.h; sourceTree = "<group>"; };
		FC85CCB916C3ED8000BAF7C7 /* CrashReporter.mm */ = {isa = PBXFileReference; fileEncoding = 4; lastKnownFileType = sourcecode.cpp.objcpp; path = CrashReporter.mm; sourceTree = "<group>"; };
		FC85CCBA16C3ED8000BAF7C7 /* PLCrashReporter.h */ = {isa = PBXFileReference; fileEncoding = 4; lastKnownFileType = sourcecode.c.h; path = PLCrashReporter.h; sourceTree = "<group>"; };
		FFD14A48AEE63083B4EF8AE3 /* LaunchScreen-iPad.png */ = {isa = PBXFileReference; lastKnownFileType = image.png; path = "LaunchScreen-iPad.png"; sourceTree = SOURCE_ROOT; };
/* End PBXFileReference section */

/* Begin PBXFrameworksBuildPhase section */
		1D60588F0D05DD3D006BFB54 /* Frameworks */ = {
			isa = PBXFrameworksBuildPhase;
			buildActionMask = 2147483647;
			files = (
				AA5D99871AFAD3C800B27605 /* CoreText.framework in Frameworks */,
				8358D1B80ED1CC3700E3A684 /* AudioToolbox.framework in Frameworks */,
				7F36C11313C5C673007FBDD9 /* AVFoundation.framework in Frameworks */,
				56FD43960ED4745200FE3770 /* CFNetwork.framework in Frameworks */,
				56B7959B1442E0F20026B3DD /* CoreGraphics.framework in Frameworks */,
				5692F3DD0FA9D8E500EBA2F1 /* CoreLocation.framework in Frameworks */,
				7F36C11113C5C673007FBDD9 /* CoreMedia.framework in Frameworks */,
				56B7960F1442E1770026B3DD /* CoreMotion.framework in Frameworks */,
				7F36C11213C5C673007FBDD9 /* CoreVideo.framework in Frameworks */,
				1D60589F0D05DD5A006BFB54 /* Foundation.framework in Frameworks */,
				08B24F76137BFDFA00FBA309 /* iAd.framework in Frameworks */,
				5682F4B20F3B34FF007A219C /* MediaPlayer.framework in Frameworks */,
				83B2574C0E63022200468741 /* OpenAL.framework in Frameworks */,
				83B256E20E62FEA000468741 /* OpenGLES.framework in Frameworks */,
				83B2570B0E62FF8A00468741 /* QuartzCore.framework in Frameworks */,
				56BCBA390FCF049A0030C3B2 /* SystemConfiguration.framework in Frameworks */,
				830B5C110E5ED4C100C7819F /* UIKit.framework in Frameworks */,
				83B2574F0E63025400468741 /* libiconv.2.dylib in Frameworks */,
				C83843859053A77ACB76C953 /* libiPhone-lib.a in Frameworks */,
				EEC144AB96A8FC69293B60F1 /* libVuforia.a in Frameworks */,
				851749CD83486241A0026E9F /* libvrunity.a in Frameworks */,
				183E4ADE836D38E8AEC3E907 /* libVuforiaUnityPlayer.a in Frameworks */,
			);
			runOnlyForDeploymentPostprocessing = 0;
		};
		5623C57017FDCB0800090B9E /* Frameworks */ = {
			isa = PBXFrameworksBuildPhase;
			buildActionMask = 2147483647;
			files = (
				5623C57717FDCB0800090B9E /* UIKit.framework in Frameworks */,
				5623C57617FDCB0800090B9E /* Foundation.framework in Frameworks */,
			);
			runOnlyForDeploymentPostprocessing = 0;
		};
/* End PBXFrameworksBuildPhase section */

/* Begin PBXGroup section */
		19C28FACFE9D520D11CA2CBB /* Products */ = {
			isa = PBXGroup;
			children = (
				1D6058910D05DD3D006BFB54 /* Unity-Target-New.app */,
				5623C57317FDCB0800090B9E /* Unity-iPhone Tests.xctest */,
			);
			name = Products;
			sourceTree = "<group>";
		};
		29B97314FDCFA39411CA2CEA /* CustomTemplate */ = {
			isa = PBXGroup;
			children = (
				AA31BF961B55660D0013FB1B /* Data */,
				56C56C9717D6015100616839 /* Images.xcassets */,
				D82DCFB50E8000A5005D6AD8 /* Classes */,
				5623C57817FDCB0800090B9E /* Unity-iPhone Tests */,
				29B97323FDCFA39411CA2CEA /* Frameworks */,
				D8A1C7220E80637F000160D3 /* Libraries */,
				19C28FACFE9D520D11CA2CBB /* Products */,
				8D1107310486CEB800E47090 /* Info.plist */,
				83B2574E0E63025400468741 /* libiconv.2.dylib */,
				2D6E4D5B8E7D1901A4B153FD /* LaunchScreen-iPhone.xib */,
				98504768AD19CD24F20702FE /* LaunchScreen-iPhonePortrait.png */,
				494C4E05808653BD22B00399 /* LaunchScreen-iPhoneLandscape.png */,
				25F34DD69122AF1C2FC5C157 /* LaunchScreen-iPad.xib */,
				FFD14A48AEE63083B4EF8AE3 /* LaunchScreen-iPad.png */,
			);
			name = CustomTemplate;
			sourceTree = "<group>";
		};
		29B97323FDCFA39411CA2CEA /* Frameworks */ = {
			isa = PBXGroup;
			children = (
				AA5D99861AFAD3C800B27605 /* CoreText.framework */,
				8358D1B70ED1CC3700E3A684 /* AudioToolbox.framework */,
				7F36C11013C5C673007FBDD9 /* AVFoundation.framework */,
				56FD43950ED4745200FE3770 /* CFNetwork.framework */,
				56B7959A1442E0F20026B3DD /* CoreGraphics.framework */,
				5692F3DC0FA9D8E500EBA2F1 /* CoreLocation.framework */,
				7F36C10E13C5C673007FBDD9 /* CoreMedia.framework */,
				56B795C11442E1100026B3DD /* CoreMotion.framework */,
				7F36C10F13C5C673007FBDD9 /* CoreVideo.framework */,
				1D30AB110D05D00D00671497 /* Foundation.framework */,
				08B24F75137BFDFA00FBA309 /* iAd.framework */,
				5682F4B10F3B34FF007A219C /* MediaPlayer.framework */,
				83B2574B0E63022200468741 /* OpenAL.framework */,
				83B256E10E62FEA000468741 /* OpenGLES.framework */,
				83B2570A0E62FF8A00468741 /* QuartzCore.framework */,
				56BCBA380FCF049A0030C3B2 /* SystemConfiguration.framework */,
				830B5C100E5ED4C100C7819F /* UIKit.framework */,
				E28E4E2B824E6F31D0BCAD23 /* Plugins */,
			);
			name = Frameworks;
			sourceTree = "<group>";
		};
		32384794B769976B741706AF /* iOS */ = {
			isa = PBXGroup;
			children = (
				E9614864B9729F162695691A /* GoogleKitDialogs.bundle */,
				8A5A47BA8145183B7A06A9E7 /* MaterialTypography.bundle */,
				3A69422B81374338FEF8D60D /* CardboardSDK.bundle */,
				F81E487F81115A994726ED78 /* GoogleKitCore.bundle */,
				BFF943E9A0E5DA9D145A577D /* GoogleKitHUD.bundle */,
			);
			path = iOS;
			sourceTree = "<group>";
		};
		4EBA47C09B7010EBD070F546 /* Plugins */ = {
			isa = PBXGroup;
			children = (
				5F0D4CE2A3341AFB09A89BF6 /* iOS */,
			);
			path = Plugins;
			sourceTree = "<group>";
		};
		5623C57817FDCB0800090B9E /* Unity-iPhone Tests */ = {
			isa = PBXGroup;
			children = (
				5623C57E17FDCB0900090B9E /* Unity_iPhone_Tests.m */,
				5623C57917FDCB0800090B9E /* Supporting Files */,
			);
			path = "Unity-iPhone Tests";
			sourceTree = "<group>";
		};
		5623C57917FDCB0800090B9E /* Supporting Files */ = {
			isa = PBXGroup;
			children = (
				5623C57A17FDCB0900090B9E /* Unity-iPhone Tests-Info.plist */,
				5623C57B17FDCB0900090B9E /* InfoPlist.strings */,
				5623C58017FDCB0900090B9E /* Unity-iPhone Tests-Prefix.pch */,
			);
			name = "Supporting Files";
			sourceTree = "<group>";
		};
		5F0D4CE2A3341AFB09A89BF6 /* iOS */ = {
			isa = PBXGroup;
			children = (
				207348288C0B77CD9E474242 /* libVuforia.a */,
				9E964B8F9A461CB6135F74E4 /* VuforiaUnityPlayer.h */,
				2F784FFC85CD7B8A2B06B2E2 /* CardboardAppController.mm */,
				54504D93BD755E6BD81050D3 /* VuforiaNativeRendererController.mm */,
				B91E4772BCED4551DA962374 /* libvrunity.a */,
				4F0D49ED89749D6E44A9246B /* VuforiaRenderDelegate.h */,
				97A641C19024934F8D9EAF4C /* CardboardAppController.h */,
				331F43979BB9DE202CFF35E4 /* libVuforiaUnityPlayer.a */,
				5ED94AF1A5D9C22979D3F32F /* VuforiaRenderDelegate.mm */,
			);
			path = iOS;
			sourceTree = "<group>";
		};
		8A3EDDC51615B7C1001839E9 /* UI */ = {
			isa = PBXGroup;
			children = (
				8A9FCB111617295F00C05364 /* ActivityIndicator.h */,
				8A9FCB121617295F00C05364 /* ActivityIndicator.mm */,
				8A7057D0171EA29600A1332D /* iAD_Scripting.mm */,
				8A07E1041715A5AB000EDC6F /* iAD.h */,
				8A07E1051715A5AB000EDC6F /* iAD.mm */,
				8A142DC41636943E00DD87CA /* Keyboard.h */,
				8A142DC51636943E00DD87CA /* Keyboard.mm */,
				8AC71EC219E7FBA90027502F /* OrientationSupport.h */,
				8AC71EC319E7FBA90027502F /* OrientationSupport.mm */,
				8A3EDDC61615B7C1001839E9 /* SplashScreen.h */,
				8A3EDDC71615B7C1001839E9 /* SplashScreen.mm */,
				8A4815BF17A287D2003FBFD5 /* UnityAppController+ViewHandling.h */,
				8A4815C017A287D2003FBFD5 /* UnityAppController+ViewHandling.mm */,
				8A851BA516FB2F6D00E911DB /* UnityView.h */,
				8A851BA616FB2F6D00E911DB /* UnityView.mm */,
				8A21AED21622F59300AF8007 /* UnityViewControllerBase.h */,
				AA8F4B651BD917A10024E7E3 /* UnityViewControllerBaseiOS.h */,
				AA8F4B661BD917A10024E7E3 /* UnityViewControllerBaseiOS.mm */,
				AA8F4B671BD917A10024E7E3 /* UnityViewControllerBaseTV.h */,
				AA8F4B681BD917A10024E7E3 /* UnityViewControllerBaseTV.mm */,
			);
			path = UI;
			sourceTree = "<group>";
		};
		8A5C148F174E662D0006EB36 /* PluginBase */ = {
			isa = PBXGroup;
			children = (
				8AF7755E17997D1300341121 /* AppDelegateListener.h */,
				8AF7755F17997D1300341121 /* AppDelegateListener.mm */,
				8A292A9717992CE100409BA4 /* LifeCycleListener.h */,
				8A292A9817992CE100409BA4 /* LifeCycleListener.mm */,
				8A5C1490174E662D0006EB36 /* RenderPluginDelegate.h */,
				8A5C1491174E662D0006EB36 /* RenderPluginDelegate.mm */,
				AAFE69D019F187C200638316 /* UnityViewControllerListener.h */,
				AAFE69D119F187C200638316 /* UnityViewControllerListener.mm */,
			);
			path = PluginBase;
			sourceTree = "<group>";
		};
		8AF18FE316490981007B4420 /* Unity */ = {
			isa = PBXGroup;
			children = (
				FC0B20A11B7A4F0B00FDFC55 /* OnDemandResources.mm */,
				8ABDBCE019CAFCF700A842FF /* AVCapture.h */,
				8AC74A9419B47FEF00019D38 /* AVCapture.mm */,
				8ADCE38919C87177006F04F6 /* CameraCapture.h */,
				8ADCE38A19C87177006F04F6 /* CameraCapture.mm */,
				8A2AA93316E0978D001FB470 /* CMVideoSampling.h */,
				8A2AA93416E0978D001FB470 /* CMVideoSampling.mm */,
				8A367F5916A6D36F0012ED11 /* CVTextureCache.h */,
				8A367F5A16A6D36F0012ED11 /* CVTextureCache.mm */,
				8ACB801B177081D4005D0019 /* DeviceSettings.mm */,
				8A5E0B8F16849D1800CBB6FE /* DisplayManager.h */,
				8A5E0B9016849D1800CBB6FE /* DisplayManager.mm */,
				8A0FED471649699200E9727D /* EAGLContextHelper.h */,
				8A0FED481649699200E9727D /* EAGLContextHelper.mm */,
				8A25E6D118D767E20006A227 /* Filesystem.mm */,
				8A1FFFAB16512A9000DD0934 /* GlesHelper.h */,
				8A1FFFAC16512A9000DD0934 /* GlesHelper.mm */,
				8A6720A319EEB905006C92E0 /* InternalProfiler.cpp */,
				8A6720A419EEB905006C92E0 /* InternalProfiler.h */,
				1859EA9A19214E7B0022C3D3 /* MetalHelper.mm */,
				8A16150B1A8E4362006FA788 /* FullScreenVideoPlayer.mm */,
				8A6137121A10B57700059EDF /* ObjCRuntime.h */,
				8A6137131A10BCA200059EDF /* ObjCRuntime.mm */,
				8A90541019EE8843003D1039 /* UnityForwardDecls.h */,
				8A851BAB16FC875E00E911DB /* UnityInterface.h */,
				8AECDC781950835600CB29E8 /* UnityMetalSupport.h */,
				8AA108C01948732900D0538B /* UnityRendering.h */,
				8AB3CB3C16D390BA00697AD5 /* VideoPlayer.h */,
				8AB3CB3D16D390BB00697AD5 /* VideoPlayer.mm */,
				8AA568AC1827DD79004969C7 /* WWWConnection.h */,
				8AA568AD1827DD79004969C7 /* WWWConnection.mm */,
			);
			path = Unity;
			sourceTree = "<group>";
		};
		999475211A7BC3B100178130 /* UnityAds */ = {
			isa = PBXGroup;
			children = (
				999475381A80DBC300178130 /* UnityAdsConfig.h */,
				9994751E1A7BC3AE00178130 /* UnityAdsUnityWrapper.h */,
				9994751F1A7BC3AE00178130 /* UnityAdsUnityWrapper.mm */,
			);
			name = UnityAds;
			sourceTree = "<group>";
		};
		A2964FAE91183E0AC7ACF53D /* Native */ = {
			isa = PBXGroup;
			children = (
				29324805BC8EFCD1E07B411E /* Bulk_Assembly-CSharp-firstpass_0.cpp */,
				A7D64ACDAAB4588A132619A6 /* Bulk_Assembly-CSharp_0.cpp */,
				74194797B28267AA6359E2BC /* Bulk_Generics_0.cpp */,
				483C4CD698659F1AB2439839 /* Bulk_Generics_1.cpp */,
				74FB40379C4BCC97AD1BBFB2 /* Bulk_Generics_2.cpp */,
				342C45689E1A87395320BD34 /* Bulk_Generics_3.cpp */,
				29EA4691881D9CF4608B2C6C /* Bulk_Generics_4.cpp */,
				80A3419680C318BAE1706854 /* Bulk_Generics_5.cpp */,
				31BB4519986676898D7352C8 /* Bulk_Generics_6.cpp */,
				9D76425A9BAC879D4CE70F68 /* Bulk_Generics_7.cpp */,
				83A1418EABA34E9A5FC8064C /* Bulk_Generics_8.cpp */,
				8E6B4CDF8EF824FE8831CA83 /* Bulk_Mono.Security_0.cpp */,
				BBFE4393A91323CA0A9D42AD /* Bulk_Mono.Security_1.cpp */,
				5BF04ECDB82ADD06BC166B05 /* Bulk_System.Core_0.cpp */,
				CC6745B1BA70618AD8673D00 /* Bulk_System_0.cpp */,
				11AA4F438916ADA92381756A /* Bulk_System_1.cpp */,
				53AF45C0956C882008A0CD5F /* Bulk_UnityEngine.UI_0.cpp */,
				871E4EE6B3A6B82212D94DDD /* Bulk_UnityEngine.UI_1.cpp */,
				3207479BBA53DA19878FC379 /* Bulk_UnityEngine_0.cpp */,
				EBA249C1B2949B6834AE2F4C /* Bulk_UnityEngine_1.cpp */,
				D7334D858E88AF0C850AB799 /* Bulk_UnityEngine_2.cpp */,
				9DFD42F39F5F211BF710D6B5 /* Bulk_UnityEngine_3.cpp */,
				E33D416F9E6E8198BE055F9C /* Bulk_Vuforia.UnityExtensions_0.cpp */,
				E86F4FF995785F83F76803CB /* Bulk_Vuforia.UnityExtensions_1.cpp */,
				2E7B4C71882033B55D4FD950 /* Bulk_Vuforia.UnityExtensions_2.cpp */,
				10E04110B3ED3F797AA697BB /* Bulk_mscorlib_0.cpp */,
				DC5D499995C112F5A3EF1AD1 /* Bulk_mscorlib_1.cpp */,
				39814E5EB9F6F1DD02B1A6B0 /* Bulk_mscorlib_2.cpp */,
				451D4EA19F3D71561E77860D /* Bulk_mscorlib_3.cpp */,
				EBED49DD954C7C10BBBE010F /* Bulk_mscorlib_4.cpp */,
				B01C43E391C2CA383130D4E8 /* Bulk_mscorlib_5.cpp */,
				052348F599799ED95C77C8FB /* Bulk_mscorlib_6.cpp */,
				117A4DDCBCC6A5455119F7F6 /* Bulk_mscorlib_7.cpp */,
				B7BC4681A683D236C9CADD86 /* GenericMethods0.cpp */,
				3A5B412C9A99A75FAEDF24ED /* GenericMethods1.cpp */,
				F26E48DB89527916EE55DDD6 /* Il2CppAttributes.cpp */,
				440E4F7E9B079823656C9BAC /* Il2CppCodeRegistration.cpp */,
				0DAD4BA394E73F28C1B3E1E8 /* Il2CppCompilerCalculateTypeValuesTable.cpp */,
				CD9E452A9ADCF673E11A72CE /* Il2CppDelegateWrappersManagedToNativeTable.cpp */,
				678A4C9B945C4B2354AAD590 /* Il2CppGenericClassTable.cpp */,
				7D6C455F97F77E79E33E00D1 /* Il2CppGenericInstDefinitions.cpp */,
				B2D843E0AE8B612E87479482 /* Il2CppGenericMethodDefinitions.cpp */,
				310948308191FABD70716AC9 /* Il2CppGenericMethodPointerTable.cpp */,
				6959486787552F828C01D86D /* Il2CppGenericMethodTable.cpp */,
				043A4924B422A2FD98BEA149 /* Il2CppInvokerTable.cpp */,
				163C4202AAF2322B88BB8317 /* Il2CppMarshalingFunctionsTable.cpp */,
				85074C669B399D4AF76C02F4 /* Il2CppMetadataRegistration.cpp */,
				1DEE4337BFF4104522E34475 /* Il2CppMetadataUsage.cpp */,
				78B54EDC8AF2AFB28F356D5D /* Il2CppMethodPointerTable.cpp */,
				166842DC875637D5FA00FCCC /* Il2CppMethodReferences.cpp */,
				C86C47678BF8E2FB81674750 /* Il2CppTypeDefinitions.cpp */,
				1CB04CD1AE5E698FC1FA4BEC /* UnityClassRegistration.cpp */,
				51D64D889C645AF70921B1B2 /* UnityICallRegistration.cpp */,
			);
			path = Native;
			sourceTree = "<group>";
		};
		D82DCFB50E8000A5005D6AD8 /* Classes */ = {
			isa = PBXGroup;
			children = (
				999475211A7BC3B100178130 /* UnityAds */,
				8A5C148F174E662D0006EB36 /* PluginBase */,
				8A3EDDC51615B7C1001839E9 /* UI */,
				8AF18FE316490981007B4420 /* Unity */,
				FC3D7EBE16D2621600D1BD0D /* CrashReporter.h */,
				FC85CCB916C3ED8000BAF7C7 /* CrashReporter.mm */,
				56DBF99E15E3CE85007A4A8D /* iPhone_Sensors.h */,
				56DBF99C15E3CDC9007A4A8D /* iPhone_Sensors.mm */,
				D82DCFBB0E8000A5005D6AD8 /* main.mm */,
				FC85CCBA16C3ED8000BAF7C7 /* PLCrashReporter.h */,
				8A6720A619EFAF25006C92E0 /* Prefix.pch */,
				8ACB801D177081F7005D0019 /* Preprocessor.h */,
				8A851BA816FB3AD000E911DB /* UnityAppController.h */,
				8A851BA916FB3AD000E911DB /* UnityAppController.mm */,
				8AA5D80017ABE9AF007B9910 /* UnityAppController+Rendering.h */,
				8AA5D80117ABE9AF007B9910 /* UnityAppController+Rendering.mm */,
				8A8D90D81A274A7800456C4E /* UnityAppController+UnityInterface.h */,
				8A8D90D91A274A7800456C4E /* UnityAppController+UnityInterface.mm */,
				8AA6ADDB17818CFD00A1C5F1 /* UnityTrampolineConfigure.h */,
				A2964FAE91183E0AC7ACF53D /* Native */,
			);
			path = Classes;
			sourceTree = SOURCE_ROOT;
		};
		D8A1C7220E80637F000160D3 /* Libraries */ = {
			isa = PBXGroup;
			children = (
				AAC3E38B1A68945900F6174A /* RegisterFeatures.cpp */,
				AAC3E38C1A68945900F6174A /* RegisterFeatures.h */,
				D8A1C7240E80637F000160D3 /* RegisterMonoModules.cpp */,
				D8A1C7250E80637F000160D3 /* RegisterMonoModules.h */,
				03F528621B447098000F4FB8 /* Il2CppOptions.cpp */,
				1E8748C6A1AFA3A6F4EA5FFD /* libiPhone-lib.a */,
				4EBA47C09B7010EBD070F546 /* Plugins */,
			);
			path = Libraries;
			sourceTree = SOURCE_ROOT;
		};
		E28E4E2B824E6F31D0BCAD23 /* Plugins */ = {
			isa = PBXGroup;
			children = (
				32384794B769976B741706AF /* iOS */,
			);
			path = Plugins;
			sourceTree = "<group>";
		};
/* End PBXGroup section */

/* Begin PBXNativeTarget section */
		1D6058900D05DD3D006BFB54 /* Unity-iPhone */ = {
			isa = PBXNativeTarget;
			buildConfigurationList = 1D6058960D05DD3E006BFB54 /* Build configuration list for PBXNativeTarget "Unity-iPhone" */;
			buildPhases = (
				1D60588D0D05DD3D006BFB54 /* Resources */,
				83D0C1FD0E6C8D7700EBCE5D /* CopyFiles */,
				1D60588E0D05DD3D006BFB54 /* Sources */,
				1D60588F0D05DD3D006BFB54 /* Frameworks */,
				033966F41B18B03000ECD701 /* ShellScript */,
			);
			buildRules = (
			);
			dependencies = (
			);
			name = "Unity-iPhone";
			productName = "iPhone-target";
			productReference = 1D6058910D05DD3D006BFB54 /* Unity-Target-New.app */;
			productType = "com.apple.product-type.application";
		};
		5623C57217FDCB0800090B9E /* Unity-iPhone Tests */ = {
			isa = PBXNativeTarget;
			buildConfigurationList = 5623C58517FDCB0900090B9E /* Build configuration list for PBXNativeTarget "Unity-iPhone Tests" */;
			buildPhases = (
				5623C56F17FDCB0800090B9E /* Sources */,
				5623C57017FDCB0800090B9E /* Frameworks */,
				5623C57117FDCB0800090B9E /* Resources */,
			);
			buildRules = (
			);
			dependencies = (
				5623C58217FDCB0900090B9E /* PBXTargetDependency */,
			);
			name = "Unity-iPhone Tests";
			productName = "Unity-iPhone Tests";
			productReference = 5623C57317FDCB0800090B9E /* Unity-iPhone Tests.xctest */;
			productType = "com.apple.product-type.bundle.unit-test";
		};
/* End PBXNativeTarget section */

/* Begin PBXProject section */
		29B97313FDCFA39411CA2CEA /* Project object */ = {
			isa = PBXProject;
			attributes = {
				TargetAttributes = {
					5623C57217FDCB0800090B9E = {
						TestTargetID = 1D6058900D05DD3D006BFB54;
					};
				};
			};
			buildConfigurationList = C01FCF4E08A954540054247B /* Build configuration list for PBXProject "Unity-iPhone" */;
			compatibilityVersion = "Xcode 3.2";
			developmentRegion = English;
			hasScannedForEncodings = 1;
			knownRegions = (
				English,
				Japanese,
				French,
				German,
				en,
			);
			mainGroup = 29B97314FDCFA39411CA2CEA /* CustomTemplate */;
			projectDirPath = "";
			projectRoot = "";
			targets = (
				1D6058900D05DD3D006BFB54 /* Unity-iPhone */,
				5623C57217FDCB0800090B9E /* Unity-iPhone Tests */,
			);
		};
/* End PBXProject section */

/* Begin PBXResourcesBuildPhase section */
		1D60588D0D05DD3D006BFB54 /* Resources */ = {
			isa = PBXResourcesBuildPhase;
			buildActionMask = 2147483647;
			files = (
				AA31BF971B55660D0013FB1B /* Data in Resources */,
				56C56C9817D6015200616839 /* Images.xcassets in Resources */,
				9B0D41759C8A85A0A86BED8B /* GoogleKitDialogs.bundle in Resources */,
				882748D99B1FFFAE1BC1599E /* MaterialTypography.bundle in Resources */,
				9A1A483A80F4674344CA3E31 /* CardboardSDK.bundle in Resources */,
				C1E146B49B7A728962957C47 /* GoogleKitCore.bundle in Resources */,
				453944D9887131C4FE6D2FA1 /* GoogleKitHUD.bundle in Resources */,
				70F34F7E8A9572E9EBA06314 /* LaunchScreen-iPhone.xib in Resources */,
				E0BC428DB6537C51E1C02067 /* LaunchScreen-iPhonePortrait.png in Resources */,
				AD844993BC8F281B4E62FFFD /* LaunchScreen-iPhoneLandscape.png in Resources */,
				B4CD4EACB5429A95EC4C3787 /* LaunchScreen-iPad.xib in Resources */,
				02CC4D06A2520699350D01E5 /* LaunchScreen-iPad.png in Resources */,
			);
			runOnlyForDeploymentPostprocessing = 0;
		};
		5623C57117FDCB0800090B9E /* Resources */ = {
			isa = PBXResourcesBuildPhase;
			buildActionMask = 2147483647;
			files = (
				5623C57D17FDCB0900090B9E,
			);
			runOnlyForDeploymentPostprocessing = 0;
		};
/* End PBXResourcesBuildPhase section */

/* Begin PBXShellScriptBuildPhase section */
		033966F41B18B03000ECD701 /* ShellScript */ = {
			isa = PBXShellScriptBuildPhase;
			buildActionMask = 2147483647;
			files = (
			);
			inputPaths = (
			);
			outputPaths = (
			);
			runOnlyForDeploymentPostprocessing = 0;
			shellPath = /bin/sh;
			shellScript = "\"$PROJECT_DIR/MapFileParser.sh\"";
		};
/* End PBXShellScriptBuildPhase section */

/* Begin PBXSourcesBuildPhase section */
		1D60588E0D05DD3D006BFB54 /* Sources */ = {
			isa = PBXSourcesBuildPhase;
			buildActionMask = 2147483647;
			files = (
				D82DCFC30E8000A5005D6AD8 /* main.mm in Sources */,
				D8A1C7280E80637F000160D3 /* RegisterMonoModules.cpp in Sources */,
				8AA568AE1827DD79004969C7 /* WWWConnection.mm in Sources */,
				56DBF99D15E3CDC9007A4A8D /* iPhone_Sensors.mm in Sources */,
				8A3EDDC81615B7C1001839E9 /* SplashScreen.mm in Sources */,
				8AC71EC419E7FBA90027502F /* OrientationSupport.mm in Sources */,
				8A9FCB131617295F00C05364 /* ActivityIndicator.mm in Sources */,
				8A8D90DA1A274A7800456C4E /* UnityAppController+UnityInterface.mm in Sources */,
				8AA5D80217ABE9AF007B9910 /* UnityAppController+Rendering.mm in Sources */,
				8A142DC61636943E00DD87CA /* Keyboard.mm in Sources */,
				8A0FED491649699200E9727D /* EAGLContextHelper.mm in Sources */,
				AAFE69D219F187C200638316 /* UnityViewControllerListener.mm in Sources */,
				8A1FFFAD16512A9000DD0934 /* GlesHelper.mm in Sources */,
				8A5E0B9116849D1800CBB6FE /* DisplayManager.mm in Sources */,
				8A367F5B16A6D36F0012ED11 /* CVTextureCache.mm in Sources */,
				1859EA9B19214E7B0022C3D3 /* MetalHelper.mm in Sources */,
				8A16150C1A8E4362006FA788 /* FullScreenVideoPlayer.mm in Sources */,
				FC85CCBB16C3ED8000BAF7C7 /* CrashReporter.mm in Sources */,
				8AB3CB3E16D390BB00697AD5 /* VideoPlayer.mm in Sources */,
				8A2AA93516E0978D001FB470 /* CMVideoSampling.mm in Sources */,
				8A851BA716FB2F6D00E911DB /* UnityView.mm in Sources */,
				8A851BAA16FB3AD000E911DB /* UnityAppController.mm in Sources */,
				8AC74A9519B47FEF00019D38 /* AVCapture.mm in Sources */,
				8A6720A519EEB905006C92E0 /* InternalProfiler.cpp in Sources */,
				8A6137141A10BCA200059EDF /* ObjCRuntime.mm in Sources */,
				AA8F4B6A1BD917A10024E7E3 /* UnityViewControllerBaseTV.mm in Sources */,
				8ADCE38B19C87177006F04F6 /* CameraCapture.mm in Sources */,
				8A4815C117A28E7F003FBFD5 /* UnityAppController+ViewHandling.mm in Sources */,
				8A07E1061715A5AB000EDC6F /* iAD.mm in Sources */,
				8A7057D1171EA29600A1332D /* iAD_Scripting.mm in Sources */,
				8A25E6D218D767E20006A227 /* Filesystem.mm in Sources */,
				999475201A7BC3AE00178130 /* UnityAdsUnityWrapper.mm in Sources */,
				AA8F4B691BD917A10024E7E3 /* UnityViewControllerBaseiOS.mm in Sources */,
				8AF7755D1799329100341121 /* LifeCycleListener.mm in Sources */,
				8A5C1492174E662D0006EB36 /* RenderPluginDelegate.mm in Sources */,
				8AF7756017997D2700341121 /* AppDelegateListener.mm in Sources */,
				FC0B20A21B7A4F0B00FDFC55 /* OnDemandResources.mm in Sources */,
				AAC3E38D1A68945900F6174A /* RegisterFeatures.cpp in Sources */,
				8ACB801C177081D4005D0019 /* DeviceSettings.mm in Sources */,
				03F528631B447098000F4FB8 /* Il2CppOptions.cpp in Sources */,
				E36543F6A1A0C5FCBEC21E50 /* Bulk_Assembly-CSharp-firstpass_0.cpp in Sources */,
				F7FA4B4FA95EBD0697A8C56A /* Bulk_Assembly-CSharp_0.cpp in Sources */,
				98714D4C8068CC5B7896B362 /* Bulk_Generics_0.cpp in Sources */,
				AE7D47718EEB01A4A50D8F51 /* Bulk_Generics_1.cpp in Sources */,
				2DD64F13ACB250D519509E66 /* Bulk_Generics_2.cpp in Sources */,
				674648868D7207FEC700426F /* Bulk_Generics_3.cpp in Sources */,
				B2F34AB0B8E8073E21700B03 /* Bulk_Generics_4.cpp in Sources */,
				E8D04F6C8E791BE6335DCC67 /* Bulk_Generics_5.cpp in Sources */,
				F10949C78AA6E9A9A0A38EC2 /* Bulk_Generics_6.cpp in Sources */,
				9C7A47CD9F92868A81951B80 /* Bulk_Generics_7.cpp in Sources */,
				7C3C48228A68A75BB9E12D4D /* Bulk_Generics_8.cpp in Sources */,
				967D4B58987410025683B568 /* Bulk_Mono.Security_0.cpp in Sources */,
				DBD14B45A37D20055EE8A0EA /* Bulk_Mono.Security_1.cpp in Sources */,
				D76D4C46BD8CC6F921BA6223 /* Bulk_System.Core_0.cpp in Sources */,
				4A9D469E88F57054D98B4F43 /* Bulk_System_0.cpp in Sources */,
				0B594C5A82A8A697332BDAA3 /* Bulk_System_1.cpp in Sources */,
				7BC7460EBBF6E3FD598A0243 /* Bulk_UnityEngine.UI_0.cpp in Sources */,
				5D5B42AB9BCA61A9372DB9EB /* Bulk_UnityEngine.UI_1.cpp in Sources */,
				F67C4E7BBEB9D77DDAF72A26 /* Bulk_UnityEngine_0.cpp in Sources */,
				CBD440098ED7EA352101FF02 /* Bulk_UnityEngine_1.cpp in Sources */,
				D0854944A92238B71971091B /* Bulk_UnityEngine_2.cpp in Sources */,
				718A4FB5AC8758B2A6698D42 /* Bulk_UnityEngine_3.cpp in Sources */,
				29B5447295EA3C008B962805 /* Bulk_Vuforia.UnityExtensions_0.cpp in Sources */,
				250D4C5FA860D6A9F77FE221 /* Bulk_Vuforia.UnityExtensions_1.cpp in Sources */,
				41CB4F8CABE7119A3C9CE644 /* Bulk_Vuforia.UnityExtensions_2.cpp in Sources */,
				055242498AAC1D301A0940B2 /* Bulk_mscorlib_0.cpp in Sources */,
				81E64D49B32D733584EE64AF /* Bulk_mscorlib_1.cpp in Sources */,
				40324B57B5EFE4CBDE7153F7 /* Bulk_mscorlib_2.cpp in Sources */,
				65EA43D086F2BC53BE52C783 /* Bulk_mscorlib_3.cpp in Sources */,
				96FF400090B6B3438C46BE23 /* Bulk_mscorlib_4.cpp in Sources */,
				6A2E4411A61F7BD2B2BA31C6 /* Bulk_mscorlib_5.cpp in Sources */,
				79834E1789486EE13E096B7E /* Bulk_mscorlib_6.cpp in Sources */,
				175B4E34AD608F61214DDB26 /* Bulk_mscorlib_7.cpp in Sources */,
				2E5E46E1A195487FE7F28C9D /* GenericMethods0.cpp in Sources */,
				805F4AB5A30400BAF090A065 /* GenericMethods1.cpp in Sources */,
				B07245969AB75EA703DE289E /* Il2CppAttributes.cpp in Sources */,
				724E4E64819D6EAC7AFCA859 /* Il2CppCodeRegistration.cpp in Sources */,
				9DA34852B6249149F7CAA95E /* Il2CppCompilerCalculateTypeValuesTable.cpp in Sources */,
				D4E1416A894C4A58EEE2ED20 /* Il2CppDelegateWrappersManagedToNativeTable.cpp in Sources */,
				AC0C422B9FC244BE16F9FC63 /* Il2CppGenericClassTable.cpp in Sources */,
				79F6447AADA896AFDC656291 /* Il2CppGenericInstDefinitions.cpp in Sources */,
				BE7E4A03A981093A2743892A /* Il2CppGenericMethodDefinitions.cpp in Sources */,
				DBB94CDF9E2D3779D91430A5 /* Il2CppGenericMethodPointerTable.cpp in Sources */,
				9C5A4E3383AA3C9E71D508DB /* Il2CppGenericMethodTable.cpp in Sources */,
				61674C09BDA373EB59A6212B /* Il2CppInvokerTable.cpp in Sources */,
				FD7644A5935069941AB34BA5 /* Il2CppMarshalingFunctionsTable.cpp in Sources */,
				D19146399D191D1E2B57BEFB /* Il2CppMetadataRegistration.cpp in Sources */,
				D6654E37B96237277A9FBD67 /* Il2CppMetadataUsage.cpp in Sources */,
				99C8434D89614D6516C552B3 /* Il2CppMethodPointerTable.cpp in Sources */,
				3D4F44C3BD176F98B418477A /* Il2CppMethodReferences.cpp in Sources */,
				BC824D2A8C90738B2A1EC474 /* Il2CppTypeDefinitions.cpp in Sources */,
				8CB54D7686D6622D3D021480 /* UnityClassRegistration.cpp in Sources */,
				72914479B2F58C721199425B /* UnityICallRegistration.cpp in Sources */,
				025842218F38A683BF3FE562 /* CardboardAppController.mm in Sources */,
				5A0E4C679621027CC41FAC89 /* VuforiaNativeRendererController.mm in Sources */,
				CB5E4A778EC626544902D2FE /* VuforiaRenderDelegate.mm in Sources */,
			);
			runOnlyForDeploymentPostprocessing = 0;
		};
		5623C56F17FDCB0800090B9E /* Sources */ = {
			isa = PBXSourcesBuildPhase;
			buildActionMask = 2147483647;
			files = (
				5623C57F17FDCB0900090B9E /* Unity_iPhone_Tests.m in Sources */,
			);
			runOnlyForDeploymentPostprocessing = 0;
		};
/* End PBXSourcesBuildPhase section */

/* Begin PBXTargetDependency section */
		5623C58217FDCB0900090B9E /* PBXTargetDependency */ = {
			isa = PBXTargetDependency;
			target = 1D6058900D05DD3D006BFB54 /* Unity-iPhone */;
			targetProxy = 5623C58117FDCB0900090B9E /* PBXContainerItemProxy */;
		};
/* End PBXTargetDependency section */

/* Begin PBXVariantGroup section */
		5623C57B17FDCB0900090B9E /* InfoPlist.strings */ = {
			isa = PBXVariantGroup;
			children = (
				5623C57C17FDCB0900090B9E /* en */,
			);
			name = InfoPlist.strings;
			sourceTree = "<group>";
		};
/* End PBXVariantGroup section */

/* Begin XCBuildConfiguration section */
		1D6058940D05DD3E006BFB54 /* Debug */ = {
			isa = XCBuildConfiguration;
			buildSettings = {
				ALWAYS_SEARCH_USER_PATHS = NO;
				ARCHS = armv7;
				ASSETCATALOG_COMPILER_APPICON_NAME = AppIcon;
				ASSETCATALOG_COMPILER_LAUNCHIMAGE_NAME = LaunchImage;
				CLANG_CXX_LANGUAGE_STANDARD = "c++0x";
				CLANG_CXX_LIBRARY = "libc++";
				CLANG_ENABLE_OBJC_ARC = YES;
				CLANG_WARN_DEPRECATED_OBJC_IMPLEMENTATIONS = YES;
				COPY_PHASE_STRIP = NO;
				ENABLE_BITCODE = NO;
				FRAMEWORK_SEARCH_PATHS = "$(inherited)";
				GCC_DYNAMIC_NO_PIC = NO;
				GCC_ENABLE_CPP_EXCEPTIONS = YES;
				GCC_OPTIMIZATION_LEVEL = 0;
				GCC_PRECOMPILE_PREFIX_HEADER = YES;
				GCC_PREFIX_HEADER = Classes/Prefix.pch;
				GCC_USE_INDIRECT_FUNCTION_CALLS = NO;
				HEADER_SEARCH_PATHS = (
					"\"$(SRCROOT)/Classes\"",
					"\"$(SRCROOT)\"",
					"$(SRCROOT)/Classes/Native",
					"$(SRCROOT)/Libraries/bdwgc/include",
					"$(SRCROOT)/Libraries/libil2cpp/include",
				);
				INFOPLIST_FILE = Info.plist;
				IPHONEOS_DEPLOYMENT_TARGET = 6.0;
				LD_GENERATE_MAP_FILE = YES;
				LIBRARY_SEARCH_PATHS = (
					"$(inherited)",
					"\"$(SRCROOT)\"",
					"\"$(SRCROOT)/Libraries\"",
					"$(SRCROOT)/Libraries/Plugins/iOS",
				);
				ONLY_ACTIVE_ARCH = YES;
				OTHER_CFLAGS = "-DINIT_SCRIPTING_BACKEND=1";
				OTHER_LDFLAGS = (
					"-weak_framework",
					CoreMotion,
					"-weak-lSystem",
				);
				PRODUCT_NAME = edu;
				SDKROOT = iphoneos;
				SUPPORTED_PLATFORMS = iphoneos;
				TARGETED_DEVICE_FAMILY = "1,2";
				UNITY_RUNTIME_VERSION = 5.3.1f1;
				UNITY_SCRIPTING_BACKEND = il2cpp;
			};
			name = Debug;
		};
		1D6058950D05DD3E006BFB54 /* Release */ = {
			isa = XCBuildConfiguration;
			buildSettings = {
				ALWAYS_SEARCH_USER_PATHS = NO;
				ARCHS = armv7;
				ASSETCATALOG_COMPILER_APPICON_NAME = AppIcon;
				ASSETCATALOG_COMPILER_LAUNCHIMAGE_NAME = LaunchImage;
				CLANG_CXX_LANGUAGE_STANDARD = "c++0x";
				CLANG_CXX_LIBRARY = "libc++";
				CLANG_ENABLE_OBJC_ARC = YES;
				CLANG_WARN_DEPRECATED_OBJC_IMPLEMENTATIONS = YES;
				COPY_PHASE_STRIP = YES;
				ENABLE_BITCODE = NO;
				FRAMEWORK_SEARCH_PATHS = "$(inherited)";
				GCC_ENABLE_CPP_EXCEPTIONS = YES;
				GCC_PRECOMPILE_PREFIX_HEADER = YES;
				GCC_PREFIX_HEADER = Classes/Prefix.pch;
				HEADER_SEARCH_PATHS = (
					"\"$(SRCROOT)/Classes\"",
					"\"$(SRCROOT)\"",
					"$(SRCROOT)/Classes/Native",
					"$(SRCROOT)/Libraries/bdwgc/include",
					"$(SRCROOT)/Libraries/libil2cpp/include",
				);
				INFOPLIST_FILE = Info.plist;
				IPHONEOS_DEPLOYMENT_TARGET = 6.0;
				LD_GENERATE_MAP_FILE = YES;
				LIBRARY_SEARCH_PATHS = (
					"$(inherited)",
					"\"$(SRCROOT)\"",
					"\"$(SRCROOT)/Libraries\"",
					"$(SRCROOT)/Libraries/Plugins/iOS",
				);
				ONLY_ACTIVE_ARCH = NO;
				OTHER_CFLAGS = "-DINIT_SCRIPTING_BACKEND=1";
				OTHER_LDFLAGS = (
					"-weak_framework",
					CoreMotion,
					"-weak-lSystem",
				);
				PRODUCT_NAME = edu;
				SDKROOT = iphoneos;
				SUPPORTED_PLATFORMS = iphoneos;
				TARGETED_DEVICE_FAMILY = "1,2";
				UNITY_RUNTIME_VERSION = 5.3.1f1;
				UNITY_SCRIPTING_BACKEND = il2cpp;
			};
			name = Release;
		};
		5623C58317FDCB0900090B9E /* Release */ = {
			isa = XCBuildConfiguration;
			buildSettings = {
				ALWAYS_SEARCH_USER_PATHS = NO;
				ARCHS = armv7;
				BUNDLE_LOADER = "$(BUILD_DIR)/$(CONFIGURATION)$(EFFECTIVE_PLATFORM_NAME)/$(PRODUCT_NAME).app/$(PRODUCT_NAME)";
				CLANG_CXX_LANGUAGE_STANDARD = "gnu++0x";
				CLANG_CXX_LIBRARY = "libc++";
				CLANG_ENABLE_MODULES = YES;
				CLANG_ENABLE_OBJC_ARC = YES;
				CLANG_WARN_BOOL_CONVERSION = YES;
				CLANG_WARN_CONSTANT_CONVERSION = YES;
				CLANG_WARN_DIRECT_OBJC_ISA_USAGE = YES_ERROR;
				CLANG_WARN_EMPTY_BODY = YES;
				CLANG_WARN_ENUM_CONVERSION = YES;
				CLANG_WARN_INT_CONVERSION = YES;
				CLANG_WARN_OBJC_ROOT_CLASS = YES_ERROR;
				CLANG_WARN__DUPLICATE_METHOD_MATCH = YES;
				COPY_PHASE_STRIP = YES;
				ENABLE_NS_ASSERTIONS = NO;
				FRAMEWORK_SEARCH_PATHS = "$(inherited)";
				GCC_C_LANGUAGE_STANDARD = gnu99;
				GCC_PRECOMPILE_PREFIX_HEADER = YES;
				GCC_PREFIX_HEADER = "Unity-iPhone Tests/Unity-iPhone Tests-Prefix.pch";
				GCC_WARN_64_TO_32_BIT_CONVERSION = YES;
				GCC_WARN_ABOUT_RETURN_TYPE = YES_ERROR;
				GCC_WARN_UNDECLARED_SELECTOR = YES;
				GCC_WARN_UNINITIALIZED_AUTOS = YES;
				GCC_WARN_UNUSED_FUNCTION = YES;
				INFOPLIST_FILE = "Unity-iPhone Tests/Unity-iPhone Tests-Info.plist";
				IPHONEOS_DEPLOYMENT_TARGET = 6.0;
				LD_GENERATE_MAP_FILE = YES;
				LIBRARY_SEARCH_PATHS = "$(SRCROOT)/Libraries/Plugins/iOS";
				PRODUCT_NAME = edu;
				SDKROOT = iphoneos;
				SUPPORTED_PLATFORMS = iphoneos;
				TARGETED_DEVICE_FAMILY = "1,2";
				TEST_HOST = "$(BUNDLE_LOADER)";
				UNITY_RUNTIME_VERSION = 5.3.1f1;
				UNITY_SCRIPTING_BACKEND = il2cpp;
				VALIDATE_PRODUCT = YES;
				WRAPPER_EXTENSION = xctest;
			};
			name = Release;
		};
		5623C58417FDCB0900090B9E /* Debug */ = {
			isa = XCBuildConfiguration;
			buildSettings = {
				ALWAYS_SEARCH_USER_PATHS = NO;
				ARCHS = armv7;
				BUNDLE_LOADER = "$(BUILD_DIR)/$(CONFIGURATION)$(EFFECTIVE_PLATFORM_NAME)/$(PRODUCT_NAME).app/$(PRODUCT_NAME)";
				CLANG_CXX_LANGUAGE_STANDARD = "gnu++0x";
				CLANG_CXX_LIBRARY = "libc++";
				CLANG_ENABLE_MODULES = YES;
				CLANG_ENABLE_OBJC_ARC = YES;
				CLANG_WARN_BOOL_CONVERSION = YES;
				CLANG_WARN_CONSTANT_CONVERSION = YES;
				CLANG_WARN_DIRECT_OBJC_ISA_USAGE = YES_ERROR;
				CLANG_WARN_EMPTY_BODY = YES;
				CLANG_WARN_ENUM_CONVERSION = YES;
				CLANG_WARN_INT_CONVERSION = YES;
				CLANG_WARN_OBJC_ROOT_CLASS = YES_ERROR;
				CLANG_WARN__DUPLICATE_METHOD_MATCH = YES;
				COPY_PHASE_STRIP = NO;
				FRAMEWORK_SEARCH_PATHS = "$(inherited)";
				GCC_C_LANGUAGE_STANDARD = gnu99;
				GCC_DYNAMIC_NO_PIC = NO;
				GCC_OPTIMIZATION_LEVEL = 0;
				GCC_PRECOMPILE_PREFIX_HEADER = YES;
				GCC_PREFIX_HEADER = "Unity-iPhone Tests/Unity-iPhone Tests-Prefix.pch";
				GCC_PREPROCESSOR_DEFINITIONS = (
					"DEBUG=1",
					"$(inherited)",
				);
				GCC_SYMBOLS_PRIVATE_EXTERN = NO;
				GCC_WARN_64_TO_32_BIT_CONVERSION = YES;
				GCC_WARN_ABOUT_RETURN_TYPE = YES_ERROR;
				GCC_WARN_UNDECLARED_SELECTOR = YES;
				GCC_WARN_UNINITIALIZED_AUTOS = YES;
				GCC_WARN_UNUSED_FUNCTION = YES;
				INFOPLIST_FILE = "Unity-iPhone Tests/Unity-iPhone Tests-Info.plist";
				IPHONEOS_DEPLOYMENT_TARGET = 6.0;
				LD_GENERATE_MAP_FILE = YES;
				LIBRARY_SEARCH_PATHS = "$(SRCROOT)/Libraries/Plugins/iOS";
				ONLY_ACTIVE_ARCH = YES;
				PRODUCT_NAME = edu;
				SDKROOT = iphoneos;
				SUPPORTED_PLATFORMS = iphoneos;
				TARGETED_DEVICE_FAMILY = "1,2";
				TEST_HOST = "$(BUNDLE_LOADER)";
				UNITY_RUNTIME_VERSION = 5.3.1f1;
				UNITY_SCRIPTING_BACKEND = il2cpp;
				WRAPPER_EXTENSION = xctest;
			};
			name = Debug;
		};
		C01FCF4F08A954540054247B /* Debug */ = {
			isa = XCBuildConfiguration;
			buildSettings = {
				ARCHS = armv7;
				"CODE_SIGN_IDENTITY[sdk=iphoneos*]" = "iPhone Developer";
				DEBUG_INFORMATION_FORMAT = dwarf;
				ENABLE_BITCODE = NO;
				GCC_C_LANGUAGE_STANDARD = c99;
				GCC_ENABLE_CPP_EXCEPTIONS = NO;
				GCC_ENABLE_CPP_RTTI = NO;
				GCC_ENABLE_OBJC_EXCEPTIONS = NO;
				GCC_THUMB_SUPPORT = NO;
				GCC_USE_INDIRECT_FUNCTION_CALLS = YES;
				GCC_WARN_ABOUT_RETURN_TYPE = YES;
				GCC_WARN_UNUSED_VARIABLE = YES;
				ONLY_ACTIVE_ARCH = NO;
				OTHER_LDFLAGS = "";
				SDKROOT = iphoneos;
				SUPPORTED_PLATFORMS = iphoneos;
			};
			name = Debug;
		};
		C01FCF5008A954540054247B /* Release */ = {
			isa = XCBuildConfiguration;
			buildSettings = {
				ARCHS = armv7;
				"CODE_SIGN_IDENTITY[sdk=iphoneos*]" = "iPhone Developer";
				ENABLE_BITCODE = NO;
				GCC_C_LANGUAGE_STANDARD = c99;
				GCC_ENABLE_CPP_EXCEPTIONS = NO;
				GCC_ENABLE_CPP_RTTI = NO;
				GCC_ENABLE_OBJC_EXCEPTIONS = NO;
				GCC_THUMB_SUPPORT = NO;
				GCC_USE_INDIRECT_FUNCTION_CALLS = NO;
				GCC_WARN_ABOUT_RETURN_TYPE = YES;
				GCC_WARN_UNUSED_VARIABLE = YES;
				SDKROOT = iphoneos;
				SUPPORTED_PLATFORMS = iphoneos;
			};
			name = Release;
		};
/* End XCBuildConfiguration section */

/* Begin XCConfigurationList section */
		1D6058960D05DD3E006BFB54 /* Build configuration list for PBXNativeTarget "Unity-iPhone" */ = {
			isa = XCConfigurationList;
			buildConfigurations = (
				1D6058950D05DD3E006BFB54 /* Release */,
				1D6058940D05DD3E006BFB54 /* Debug */,
			);
			defaultConfigurationIsVisible = 0;
			defaultConfigurationName = Release;
		};
		5623C58517FDCB0900090B9E /* Build configuration list for PBXNativeTarget "Unity-iPhone Tests" */ = {
			isa = XCConfigurationList;
			buildConfigurations = (
				5623C58317FDCB0900090B9E /* Release */,
				5623C58417FDCB0900090B9E /* Debug */,
			);
			defaultConfigurationIsVisible = 0;
			defaultConfigurationName = Release;
		};
		C01FCF4E08A954540054247B /* Build configuration list for PBXProject "Unity-iPhone" */ = {
			isa = XCConfigurationList;
			buildConfigurations = (
				C01FCF5008A954540054247B /* Release */,
				C01FCF4F08A954540054247B /* Debug */,
			);
			defaultConfigurationIsVisible = 0;
			defaultConfigurationName = Release;
		};
/* End XCConfigurationList section */
	};
	rootObject = 29B97313FDCFA39411CA2CEA /* Project object */;
}
